// !$*UTF8*$!
{
	archiveVersion = 1;
	classes = {
	};
	objectVersion = 56;
	objects = {

/* Begin PBXBuildFile section */
		5E4A43EE2BAC9ED700DCB02C /* .gitignore in Resources */ = {isa = PBXBuildFile; fileRef = 5E4A43ED2BAC9ED700DCB02C /* .gitignore */; };
		5EEB89E92B8E24AC00F37097 /* LoginViewModel.swift in Sources */ = {isa = PBXBuildFile; fileRef = 5EEB89E82B8E24AC00F37097 /* LoginViewModel.swift */; };
		5EEB89EB2B8E273300F37097 /* LoginView.swift in Sources */ = {isa = PBXBuildFile; fileRef = 5EEB89EA2B8E273300F37097 /* LoginView.swift */; };
		5EEB89ED2B8E275200F37097 /* SignUpView.swift in Sources */ = {isa = PBXBuildFile; fileRef = 5EEB89EC2B8E275200F37097 /* SignUpView.swift */; };
		5EEB89EF2B8E57E100F37097 /* TextFields.swift in Sources */ = {isa = PBXBuildFile; fileRef = 5EEB89EE2B8E57E100F37097 /* TextFields.swift */; };
		5EEB89F12B8E5B5E00F37097 /* SignUpViewModel.swift in Sources */ = {isa = PBXBuildFile; fileRef = 5EEB89F02B8E5B5E00F37097 /* SignUpViewModel.swift */; };
		5EF05F3A2B8D4E8B00885CC1 /* RideShareApp.swift in Sources */ = {isa = PBXBuildFile; fileRef = 5EF05F392B8D4E8B00885CC1 /* RideShareApp.swift */; };
		5EF05F3C2B8D4E8B00885CC1 /* ContentView.swift in Sources */ = {isa = PBXBuildFile; fileRef = 5EF05F3B2B8D4E8B00885CC1 /* ContentView.swift */; };
		5EF05F3E2B8D4E8C00885CC1 /* Assets.xcassets in Resources */ = {isa = PBXBuildFile; fileRef = 5EF05F3D2B8D4E8C00885CC1 /* Assets.xcassets */; };
		5EF05F412B8D4E8C00885CC1 /* Preview Assets.xcassets in Resources */ = {isa = PBXBuildFile; fileRef = 5EF05F402B8D4E8C00885CC1 /* Preview Assets.xcassets */; };
		5EF05F4B2B8D4E8C00885CC1 /* RideShareTests.swift in Sources */ = {isa = PBXBuildFile; fileRef = 5EF05F4A2B8D4E8C00885CC1 /* RideShareTests.swift */; };
		5EF05F552B8D4E8C00885CC1 /* RideShareUITests.swift in Sources */ = {isa = PBXBuildFile; fileRef = 5EF05F542B8D4E8C00885CC1 /* RideShareUITests.swift */; };
		5EF05F572B8D4E8C00885CC1 /* RideShareUITestsLaunchTests.swift in Sources */ = {isa = PBXBuildFile; fileRef = 5EF05F562B8D4E8C00885CC1 /* RideShareUITestsLaunchTests.swift */; };
		5EF05F692B8D4F0D00885CC1 /* User.swift in Sources */ = {isa = PBXBuildFile; fileRef = 5EF05F682B8D4F0D00885CC1 /* User.swift */; };
		5EF05F6B2B8D4F2F00885CC1 /* RegistrationViewModel.swift in Sources */ = {isa = PBXBuildFile; fileRef = 5EF05F6A2B8D4F2F00885CC1 /* RegistrationViewModel.swift */; };
		5EF05F6F2B8D4F8A00885CC1 /* RegistrationView.swift in Sources */ = {isa = PBXBuildFile; fileRef = 5EF05F6E2B8D4F8A00885CC1 /* RegistrationView.swift */; };
		5EF05F712B8D4FF900885CC1 /* Buttons.swift in Sources */ = {isa = PBXBuildFile; fileRef = 5EF05F702B8D4FF900885CC1 /* Buttons.swift */; };
		866A1F8A2BABF2C900EF6663 /* MapView2.swift in Sources */ = {isa = PBXBuildFile; fileRef = 866A1F892BABF2C900EF6663 /* MapView2.swift */; };
		866A1F8C2BAC041500EF6663 /* LocationDetail.swift in Sources */ = {isa = PBXBuildFile; fileRef = 866A1F8B2BAC041500EF6663 /* LocationDetail.swift */; };
/* End PBXBuildFile section */

/* Begin PBXContainerItemProxy section */
		5EF05F472B8D4E8C00885CC1 /* PBXContainerItemProxy */ = {
			isa = PBXContainerItemProxy;
			containerPortal = 5EF05F2E2B8D4E8B00885CC1 /* Project object */;
			proxyType = 1;
			remoteGlobalIDString = 5EF05F352B8D4E8B00885CC1;
			remoteInfo = RideShare;
		};
		5EF05F512B8D4E8C00885CC1 /* PBXContainerItemProxy */ = {
			isa = PBXContainerItemProxy;
			containerPortal = 5EF05F2E2B8D4E8B00885CC1 /* Project object */;
			proxyType = 1;
			remoteGlobalIDString = 5EF05F352B8D4E8B00885CC1;
			remoteInfo = RideShare;
		};
/* End PBXContainerItemProxy section */

/* Begin PBXFileReference section */
		5E4A43ED2BAC9ED700DCB02C /* .gitignore */ = {isa = PBXFileReference; lastKnownFileType = text; path = .gitignore; sourceTree = "<group>"; };
		5EEB89E82B8E24AC00F37097 /* LoginViewModel.swift */ = {isa = PBXFileReference; lastKnownFileType = sourcecode.swift; path = LoginViewModel.swift; sourceTree = "<group>"; };
		5EEB89EA2B8E273300F37097 /* LoginView.swift */ = {isa = PBXFileReference; lastKnownFileType = sourcecode.swift; path = LoginView.swift; sourceTree = "<group>"; };
		5EEB89EC2B8E275200F37097 /* SignUpView.swift */ = {isa = PBXFileReference; lastKnownFileType = sourcecode.swift; path = SignUpView.swift; sourceTree = "<group>"; };
		5EEB89EE2B8E57E100F37097 /* TextFields.swift */ = {isa = PBXFileReference; lastKnownFileType = sourcecode.swift; path = TextFields.swift; sourceTree = "<group>"; };
		5EEB89F02B8E5B5E00F37097 /* SignUpViewModel.swift */ = {isa = PBXFileReference; lastKnownFileType = sourcecode.swift; path = SignUpViewModel.swift; sourceTree = "<group>"; };
		5EF05F362B8D4E8B00885CC1 /* RideShare.app */ = {isa = PBXFileReference; explicitFileType = wrapper.application; includeInIndex = 0; path = RideShare.app; sourceTree = BUILT_PRODUCTS_DIR; };
		5EF05F392B8D4E8B00885CC1 /* RideShareApp.swift */ = {isa = PBXFileReference; lastKnownFileType = sourcecode.swift; path = RideShareApp.swift; sourceTree = "<group>"; };
		5EF05F3B2B8D4E8B00885CC1 /* ContentView.swift */ = {isa = PBXFileReference; lastKnownFileType = sourcecode.swift; path = ContentView.swift; sourceTree = "<group>"; };
		5EF05F3D2B8D4E8C00885CC1 /* Assets.xcassets */ = {isa = PBXFileReference; lastKnownFileType = folder.assetcatalog; path = Assets.xcassets; sourceTree = "<group>"; };
		5EF05F402B8D4E8C00885CC1 /* Preview Assets.xcassets */ = {isa = PBXFileReference; lastKnownFileType = folder.assetcatalog; path = "Preview Assets.xcassets"; sourceTree = "<group>"; };
		5EF05F462B8D4E8C00885CC1 /* RideShareTests.xctest */ = {isa = PBXFileReference; explicitFileType = wrapper.cfbundle; includeInIndex = 0; path = RideShareTests.xctest; sourceTree = BUILT_PRODUCTS_DIR; };
		5EF05F4A2B8D4E8C00885CC1 /* RideShareTests.swift */ = {isa = PBXFileReference; lastKnownFileType = sourcecode.swift; path = RideShareTests.swift; sourceTree = "<group>"; };
		5EF05F502B8D4E8C00885CC1 /* RideShareUITests.xctest */ = {isa = PBXFileReference; explicitFileType = wrapper.cfbundle; includeInIndex = 0; path = RideShareUITests.xctest; sourceTree = BUILT_PRODUCTS_DIR; };
		5EF05F542B8D4E8C00885CC1 /* RideShareUITests.swift */ = {isa = PBXFileReference; lastKnownFileType = sourcecode.swift; path = RideShareUITests.swift; sourceTree = "<group>"; };
		5EF05F562B8D4E8C00885CC1 /* RideShareUITestsLaunchTests.swift */ = {isa = PBXFileReference; lastKnownFileType = sourcecode.swift; path = RideShareUITestsLaunchTests.swift; sourceTree = "<group>"; };
		5EF05F682B8D4F0D00885CC1 /* User.swift */ = {isa = PBXFileReference; lastKnownFileType = sourcecode.swift; path = User.swift; sourceTree = "<group>"; };
		5EF05F6A2B8D4F2F00885CC1 /* RegistrationViewModel.swift */ = {isa = PBXFileReference; lastKnownFileType = sourcecode.swift; path = RegistrationViewModel.swift; sourceTree = "<group>"; };
		5EF05F6E2B8D4F8A00885CC1 /* RegistrationView.swift */ = {isa = PBXFileReference; lastKnownFileType = sourcecode.swift; path = RegistrationView.swift; sourceTree = "<group>"; };
		5EF05F702B8D4FF900885CC1 /* Buttons.swift */ = {isa = PBXFileReference; lastKnownFileType = sourcecode.swift; path = Buttons.swift; sourceTree = "<group>"; };
		866A1F892BABF2C900EF6663 /* MapView2.swift */ = {isa = PBXFileReference; lastKnownFileType = sourcecode.swift; path = MapView2.swift; sourceTree = "<group>"; };
		866A1F8B2BAC041500EF6663 /* LocationDetail.swift */ = {isa = PBXFileReference; lastKnownFileType = sourcecode.swift; path = LocationDetail.swift; sourceTree = "<group>"; };
/* End PBXFileReference section */

/* Begin PBXFrameworksBuildPhase section */
		5EF05F332B8D4E8B00885CC1 /* Frameworks */ = {
			isa = PBXFrameworksBuildPhase;
			buildActionMask = 2147483647;
			files = (
			);
			runOnlyForDeploymentPostprocessing = 0;
		};
		5EF05F432B8D4E8C00885CC1 /* Frameworks */ = {
			isa = PBXFrameworksBuildPhase;
			buildActionMask = 2147483647;
			files = (
			);
			runOnlyForDeploymentPostprocessing = 0;
		};
		5EF05F4D2B8D4E8C00885CC1 /* Frameworks */ = {
			isa = PBXFrameworksBuildPhase;
			buildActionMask = 2147483647;
			files = (
			);
			runOnlyForDeploymentPostprocessing = 0;
		};
/* End PBXFrameworksBuildPhase section */

/* Begin PBXGroup section */
		5EF05F2D2B8D4E8B00885CC1 = {
			isa = PBXGroup;
			children = (
				5E4A43ED2BAC9ED700DCB02C /* .gitignore */,
				5EF05F382B8D4E8B00885CC1 /* RideShare */,
				5EF05F492B8D4E8C00885CC1 /* RideShareTests */,
				5EF05F532B8D4E8C00885CC1 /* RideShareUITests */,
				5EF05F372B8D4E8B00885CC1 /* Products */,
			);
			sourceTree = "<group>";
		};
		5EF05F372B8D4E8B00885CC1 /* Products */ = {
			isa = PBXGroup;
			children = (
				5EF05F362B8D4E8B00885CC1 /* RideShare.app */,
				5EF05F462B8D4E8C00885CC1 /* RideShareTests.xctest */,
				5EF05F502B8D4E8C00885CC1 /* RideShareUITests.xctest */,
			);
			name = Products;
			sourceTree = "<group>";
		};
		5EF05F382B8D4E8B00885CC1 /* RideShare */ = {
			isa = PBXGroup;
			children = (
				5EF05F632B8D4EA100885CC1 /* Fonts */,
				5EF05F672B8D4EF600885CC1 /* Utilities */,
				5EF05F662B8D4EE900885CC1 /* Services */,
				5EF05F642B8D4ED200885CC1 /* Models */,
				5EF05F6C2B8D4F7100885CC1 /* Views */,
				5EF05F652B8D4EDA00885CC1 /* ViewModels */,
				5EF05F392B8D4E8B00885CC1 /* RideShareApp.swift */,
				5EF05F3B2B8D4E8B00885CC1 /* ContentView.swift */,
				5EF05F3D2B8D4E8C00885CC1 /* Assets.xcassets */,
				5EF05F3F2B8D4E8C00885CC1 /* Preview Content */,
			);
			path = RideShare;
			sourceTree = "<group>";
		};
		5EF05F3F2B8D4E8C00885CC1 /* Preview Content */ = {
			isa = PBXGroup;
			children = (
				5EF05F402B8D4E8C00885CC1 /* Preview Assets.xcassets */,
			);
			path = "Preview Content";
			sourceTree = "<group>";
		};
		5EF05F492B8D4E8C00885CC1 /* RideShareTests */ = {
			isa = PBXGroup;
			children = (
				5EF05F4A2B8D4E8C00885CC1 /* RideShareTests.swift */,
			);
			path = RideShareTests;
			sourceTree = "<group>";
		};
		5EF05F532B8D4E8C00885CC1 /* RideShareUITests */ = {
			isa = PBXGroup;
			children = (
				5EF05F542B8D4E8C00885CC1 /* RideShareUITests.swift */,
				5EF05F562B8D4E8C00885CC1 /* RideShareUITestsLaunchTests.swift */,
			);
			path = RideShareUITests;
			sourceTree = "<group>";
		};
		5EF05F632B8D4EA100885CC1 /* Fonts */ = {
			isa = PBXGroup;
			children = (
			);
			path = Fonts;
			sourceTree = "<group>";
		};
		5EF05F642B8D4ED200885CC1 /* Models */ = {
			isa = PBXGroup;
			children = (
				5EF05F682B8D4F0D00885CC1 /* User.swift */,
			);
			path = Models;
			sourceTree = "<group>";
		};
		5EF05F652B8D4EDA00885CC1 /* ViewModels */ = {
			isa = PBXGroup;
			children = (
				5EF05F6A2B8D4F2F00885CC1 /* RegistrationViewModel.swift */,
				5EEB89E82B8E24AC00F37097 /* LoginViewModel.swift */,
				5EEB89F02B8E5B5E00F37097 /* SignUpViewModel.swift */,
			);
			path = ViewModels;
			sourceTree = "<group>";
		};
		5EF05F662B8D4EE900885CC1 /* Services */ = {
			isa = PBXGroup;
			children = (
			);
			path = Services;
			sourceTree = "<group>";
		};
		5EF05F672B8D4EF600885CC1 /* Utilities */ = {
			isa = PBXGroup;
			children = (
				5EF05F702B8D4FF900885CC1 /* Buttons.swift */,
				5EEB89EE2B8E57E100F37097 /* TextFields.swift */,
			);
			path = Utilities;
			sourceTree = "<group>";
		};
		5EF05F6C2B8D4F7100885CC1 /* Views */ = {
			isa = PBXGroup;
			children = (
				5EF05F6E2B8D4F8A00885CC1 /* RegistrationView.swift */,
				5EEB89EA2B8E273300F37097 /* LoginView.swift */,
				5EEB89EC2B8E275200F37097 /* SignUpView.swift */,
				866A1F892BABF2C900EF6663 /* MapView2.swift */,
				866A1F8B2BAC041500EF6663 /* LocationDetail.swift */,
			);
			path = Views;
			sourceTree = "<group>";
		};
/* End PBXGroup section */

/* Begin PBXNativeTarget section */
		5EF05F352B8D4E8B00885CC1 /* RideShare */ = {
			isa = PBXNativeTarget;
			buildConfigurationList = 5EF05F5A2B8D4E8C00885CC1 /* Build configuration list for PBXNativeTarget "RideShare" */;
			buildPhases = (
				5EF05F322B8D4E8B00885CC1 /* Sources */,
				5EF05F332B8D4E8B00885CC1 /* Frameworks */,
				5EF05F342B8D4E8B00885CC1 /* Resources */,
			);
			buildRules = (
			);
			dependencies = (
			);
			name = RideShare;
			productName = RideShare;
			productReference = 5EF05F362B8D4E8B00885CC1 /* RideShare.app */;
			productType = "com.apple.product-type.application";
		};
		5EF05F452B8D4E8C00885CC1 /* RideShareTests */ = {
			isa = PBXNativeTarget;
			buildConfigurationList = 5EF05F5D2B8D4E8C00885CC1 /* Build configuration list for PBXNativeTarget "RideShareTests" */;
			buildPhases = (
				5EF05F422B8D4E8C00885CC1 /* Sources */,
				5EF05F432B8D4E8C00885CC1 /* Frameworks */,
				5EF05F442B8D4E8C00885CC1 /* Resources */,
			);
			buildRules = (
			);
			dependencies = (
				5EF05F482B8D4E8C00885CC1 /* PBXTargetDependency */,
			);
			name = RideShareTests;
			productName = RideShareTests;
			productReference = 5EF05F462B8D4E8C00885CC1 /* RideShareTests.xctest */;
			productType = "com.apple.product-type.bundle.unit-test";
		};
		5EF05F4F2B8D4E8C00885CC1 /* RideShareUITests */ = {
			isa = PBXNativeTarget;
			buildConfigurationList = 5EF05F602B8D4E8C00885CC1 /* Build configuration list for PBXNativeTarget "RideShareUITests" */;
			buildPhases = (
				5EF05F4C2B8D4E8C00885CC1 /* Sources */,
				5EF05F4D2B8D4E8C00885CC1 /* Frameworks */,
				5EF05F4E2B8D4E8C00885CC1 /* Resources */,
			);
			buildRules = (
			);
			dependencies = (
				5EF05F522B8D4E8C00885CC1 /* PBXTargetDependency */,
			);
			name = RideShareUITests;
			productName = RideShareUITests;
			productReference = 5EF05F502B8D4E8C00885CC1 /* RideShareUITests.xctest */;
			productType = "com.apple.product-type.bundle.ui-testing";
		};
/* End PBXNativeTarget section */

/* Begin PBXProject section */
		5EF05F2E2B8D4E8B00885CC1 /* Project object */ = {
			isa = PBXProject;
			attributes = {
				BuildIndependentTargetsInParallel = 1;
				LastSwiftUpdateCheck = 1420;
				LastUpgradeCheck = 1420;
				TargetAttributes = {
					5EF05F352B8D4E8B00885CC1 = {
						CreatedOnToolsVersion = 14.2;
					};
					5EF05F452B8D4E8C00885CC1 = {
						CreatedOnToolsVersion = 14.2;
						TestTargetID = 5EF05F352B8D4E8B00885CC1;
					};
					5EF05F4F2B8D4E8C00885CC1 = {
						CreatedOnToolsVersion = 14.2;
						TestTargetID = 5EF05F352B8D4E8B00885CC1;
					};
				};
			};
			buildConfigurationList = 5EF05F312B8D4E8B00885CC1 /* Build configuration list for PBXProject "RideShare" */;
			compatibilityVersion = "Xcode 14.0";
			developmentRegion = en;
			hasScannedForEncodings = 0;
			knownRegions = (
				en,
				Base,
			);
			mainGroup = 5EF05F2D2B8D4E8B00885CC1;
			productRefGroup = 5EF05F372B8D4E8B00885CC1 /* Products */;
			projectDirPath = "";
			projectRoot = "";
			targets = (
				5EF05F352B8D4E8B00885CC1 /* RideShare */,
				5EF05F452B8D4E8C00885CC1 /* RideShareTests */,
				5EF05F4F2B8D4E8C00885CC1 /* RideShareUITests */,
			);
		};
/* End PBXProject section */

/* Begin PBXResourcesBuildPhase section */
		5EF05F342B8D4E8B00885CC1 /* Resources */ = {
			isa = PBXResourcesBuildPhase;
			buildActionMask = 2147483647;
			files = (
				5EF05F412B8D4E8C00885CC1 /* Preview Assets.xcassets in Resources */,
				5E4A43EE2BAC9ED700DCB02C /* .gitignore in Resources */,
				5EF05F3E2B8D4E8C00885CC1 /* Assets.xcassets in Resources */,
			);
			runOnlyForDeploymentPostprocessing = 0;
		};
		5EF05F442B8D4E8C00885CC1 /* Resources */ = {
			isa = PBXResourcesBuildPhase;
			buildActionMask = 2147483647;
			files = (
			);
			runOnlyForDeploymentPostprocessing = 0;
		};
		5EF05F4E2B8D4E8C00885CC1 /* Resources */ = {
			isa = PBXResourcesBuildPhase;
			buildActionMask = 2147483647;
			files = (
			);
			runOnlyForDeploymentPostprocessing = 0;
		};
/* End PBXResourcesBuildPhase section */

/* Begin PBXSourcesBuildPhase section */
		5EF05F322B8D4E8B00885CC1 /* Sources */ = {
			isa = PBXSourcesBuildPhase;
			buildActionMask = 2147483647;
			files = (
				5EF05F3C2B8D4E8B00885CC1 /* ContentView.swift in Sources */,
				5EF05F6B2B8D4F2F00885CC1 /* RegistrationViewModel.swift in Sources */,
				866A1F8C2BAC041500EF6663 /* LocationDetail.swift in Sources */,
				5EF05F3A2B8D4E8B00885CC1 /* RideShareApp.swift in Sources */,
				5EF05F712B8D4FF900885CC1 /* Buttons.swift in Sources */,
				5EF05F692B8D4F0D00885CC1 /* User.swift in Sources */,
				5EEB89EF2B8E57E100F37097 /* TextFields.swift in Sources */,
				5EF05F6F2B8D4F8A00885CC1 /* RegistrationView.swift in Sources */,
				5EEB89EB2B8E273300F37097 /* LoginView.swift in Sources */,
				5EEB89ED2B8E275200F37097 /* SignUpView.swift in Sources */,
				866A1F8A2BABF2C900EF6663 /* MapView2.swift in Sources */,
				5EEB89F12B8E5B5E00F37097 /* SignUpViewModel.swift in Sources */,
				5EEB89E92B8E24AC00F37097 /* LoginViewModel.swift in Sources */,
			);
			runOnlyForDeploymentPostprocessing = 0;
		};
		5EF05F422B8D4E8C00885CC1 /* Sources */ = {
			isa = PBXSourcesBuildPhase;
			buildActionMask = 2147483647;
			files = (
				5EF05F4B2B8D4E8C00885CC1 /* RideShareTests.swift in Sources */,
			);
			runOnlyForDeploymentPostprocessing = 0;
		};
		5EF05F4C2B8D4E8C00885CC1 /* Sources */ = {
			isa = PBXSourcesBuildPhase;
			buildActionMask = 2147483647;
			files = (
				5EF05F572B8D4E8C00885CC1 /* RideShareUITestsLaunchTests.swift in Sources */,
				5EF05F552B8D4E8C00885CC1 /* RideShareUITests.swift in Sources */,
			);
			runOnlyForDeploymentPostprocessing = 0;
		};
/* End PBXSourcesBuildPhase section */

/* Begin PBXTargetDependency section */
		5EF05F482B8D4E8C00885CC1 /* PBXTargetDependency */ = {
			isa = PBXTargetDependency;
			target = 5EF05F352B8D4E8B00885CC1 /* RideShare */;
			targetProxy = 5EF05F472B8D4E8C00885CC1 /* PBXContainerItemProxy */;
		};
		5EF05F522B8D4E8C00885CC1 /* PBXTargetDependency */ = {
			isa = PBXTargetDependency;
			target = 5EF05F352B8D4E8B00885CC1 /* RideShare */;
			targetProxy = 5EF05F512B8D4E8C00885CC1 /* PBXContainerItemProxy */;
		};
/* End PBXTargetDependency section */

/* Begin XCBuildConfiguration section */
		5EF05F582B8D4E8C00885CC1 /* Debug */ = {
			isa = XCBuildConfiguration;
			buildSettings = {
				ALWAYS_SEARCH_USER_PATHS = NO;
				CLANG_ANALYZER_NONNULL = YES;
				CLANG_ANALYZER_NUMBER_OBJECT_CONVERSION = YES_AGGRESSIVE;
				CLANG_CXX_LANGUAGE_STANDARD = "gnu++20";
				CLANG_ENABLE_MODULES = YES;
				CLANG_ENABLE_OBJC_ARC = YES;
				CLANG_ENABLE_OBJC_WEAK = YES;
				CLANG_WARN_BLOCK_CAPTURE_AUTORELEASING = YES;
				CLANG_WARN_BOOL_CONVERSION = YES;
				CLANG_WARN_COMMA = YES;
				CLANG_WARN_CONSTANT_CONVERSION = YES;
				CLANG_WARN_DEPRECATED_OBJC_IMPLEMENTATIONS = YES;
				CLANG_WARN_DIRECT_OBJC_ISA_USAGE = YES_ERROR;
				CLANG_WARN_DOCUMENTATION_COMMENTS = YES;
				CLANG_WARN_EMPTY_BODY = YES;
				CLANG_WARN_ENUM_CONVERSION = YES;
				CLANG_WARN_INFINITE_RECURSION = YES;
				CLANG_WARN_INT_CONVERSION = YES;
				CLANG_WARN_NON_LITERAL_NULL_CONVERSION = YES;
				CLANG_WARN_OBJC_IMPLICIT_RETAIN_SELF = YES;
				CLANG_WARN_OBJC_LITERAL_CONVERSION = YES;
				CLANG_WARN_OBJC_ROOT_CLASS = YES_ERROR;
				CLANG_WARN_QUOTED_INCLUDE_IN_FRAMEWORK_HEADER = YES;
				CLANG_WARN_RANGE_LOOP_ANALYSIS = YES;
				CLANG_WARN_STRICT_PROTOTYPES = YES;
				CLANG_WARN_SUSPICIOUS_MOVE = YES;
				CLANG_WARN_UNGUARDED_AVAILABILITY = YES_AGGRESSIVE;
				CLANG_WARN_UNREACHABLE_CODE = YES;
				CLANG_WARN__DUPLICATE_METHOD_MATCH = YES;
				COPY_PHASE_STRIP = NO;
				DEBUG_INFORMATION_FORMAT = dwarf;
				ENABLE_STRICT_OBJC_MSGSEND = YES;
				ENABLE_TESTABILITY = YES;
				GCC_C_LANGUAGE_STANDARD = gnu11;
				GCC_DYNAMIC_NO_PIC = NO;
				GCC_NO_COMMON_BLOCKS = YES;
				GCC_OPTIMIZATION_LEVEL = 0;
				GCC_PREPROCESSOR_DEFINITIONS = (
					"DEBUG=1",
					"$(inherited)",
				);
				GCC_WARN_64_TO_32_BIT_CONVERSION = YES;
				GCC_WARN_ABOUT_RETURN_TYPE = YES_ERROR;
				GCC_WARN_UNDECLARED_SELECTOR = YES;
				GCC_WARN_UNINITIALIZED_AUTOS = YES_AGGRESSIVE;
				GCC_WARN_UNUSED_FUNCTION = YES;
				GCC_WARN_UNUSED_VARIABLE = YES;
				IPHONEOS_DEPLOYMENT_TARGET = 17.0;
				MTL_ENABLE_DEBUG_INFO = INCLUDE_SOURCE;
				MTL_FAST_MATH = YES;
				ONLY_ACTIVE_ARCH = YES;
				SDKROOT = iphoneos;
				SWIFT_ACTIVE_COMPILATION_CONDITIONS = DEBUG;
				SWIFT_OPTIMIZATION_LEVEL = "-Onone";
			};
			name = Debug;
		};
		5EF05F592B8D4E8C00885CC1 /* Release */ = {
			isa = XCBuildConfiguration;
			buildSettings = {
				ALWAYS_SEARCH_USER_PATHS = NO;
				CLANG_ANALYZER_NONNULL = YES;
				CLANG_ANALYZER_NUMBER_OBJECT_CONVERSION = YES_AGGRESSIVE;
				CLANG_CXX_LANGUAGE_STANDARD = "gnu++20";
				CLANG_ENABLE_MODULES = YES;
				CLANG_ENABLE_OBJC_ARC = YES;
				CLANG_ENABLE_OBJC_WEAK = YES;
				CLANG_WARN_BLOCK_CAPTURE_AUTORELEASING = YES;
				CLANG_WARN_BOOL_CONVERSION = YES;
				CLANG_WARN_COMMA = YES;
				CLANG_WARN_CONSTANT_CONVERSION = YES;
				CLANG_WARN_DEPRECATED_OBJC_IMPLEMENTATIONS = YES;
				CLANG_WARN_DIRECT_OBJC_ISA_USAGE = YES_ERROR;
				CLANG_WARN_DOCUMENTATION_COMMENTS = YES;
				CLANG_WARN_EMPTY_BODY = YES;
				CLANG_WARN_ENUM_CONVERSION = YES;
				CLANG_WARN_INFINITE_RECURSION = YES;
				CLANG_WARN_INT_CONVERSION = YES;
				CLANG_WARN_NON_LITERAL_NULL_CONVERSION = YES;
				CLANG_WARN_OBJC_IMPLICIT_RETAIN_SELF = YES;
				CLANG_WARN_OBJC_LITERAL_CONVERSION = YES;
				CLANG_WARN_OBJC_ROOT_CLASS = YES_ERROR;
				CLANG_WARN_QUOTED_INCLUDE_IN_FRAMEWORK_HEADER = YES;
				CLANG_WARN_RANGE_LOOP_ANALYSIS = YES;
				CLANG_WARN_STRICT_PROTOTYPES = YES;
				CLANG_WARN_SUSPICIOUS_MOVE = YES;
				CLANG_WARN_UNGUARDED_AVAILABILITY = YES_AGGRESSIVE;
				CLANG_WARN_UNREACHABLE_CODE = YES;
				CLANG_WARN__DUPLICATE_METHOD_MATCH = YES;
				COPY_PHASE_STRIP = NO;
				DEBUG_INFORMATION_FORMAT = "dwarf-with-dsym";
				ENABLE_NS_ASSERTIONS = NO;
				ENABLE_STRICT_OBJC_MSGSEND = YES;
				GCC_C_LANGUAGE_STANDARD = gnu11;
				GCC_NO_COMMON_BLOCKS = YES;
				GCC_WARN_64_TO_32_BIT_CONVERSION = YES;
				GCC_WARN_ABOUT_RETURN_TYPE = YES_ERROR;
				GCC_WARN_UNDECLARED_SELECTOR = YES;
				GCC_WARN_UNINITIALIZED_AUTOS = YES_AGGRESSIVE;
				GCC_WARN_UNUSED_FUNCTION = YES;
				GCC_WARN_UNUSED_VARIABLE = YES;
				IPHONEOS_DEPLOYMENT_TARGET = 17.0;
				MTL_ENABLE_DEBUG_INFO = NO;
				MTL_FAST_MATH = YES;
				SDKROOT = iphoneos;
				SWIFT_COMPILATION_MODE = wholemodule;
				SWIFT_OPTIMIZATION_LEVEL = "-O";
				VALIDATE_PRODUCT = YES;
			};
			name = Release;
		};
		5EF05F5B2B8D4E8C00885CC1 /* Debug */ = {
			isa = XCBuildConfiguration;
			buildSettings = {
				ASSETCATALOG_COMPILER_APPICON_NAME = AppIcon;
				ASSETCATALOG_COMPILER_GLOBAL_ACCENT_COLOR_NAME = AccentColor;
				CODE_SIGN_STYLE = Automatic;
				CURRENT_PROJECT_VERSION = 1;
				DEVELOPMENT_ASSET_PATHS = "\"RideShare/Preview Content\"";
				DEVELOPMENT_TEAM = 3L3R79WHCG;
				ENABLE_PREVIEWS = YES;
				GENERATE_INFOPLIST_FILE = YES;
				INFOPLIST_KEY_UIApplicationSceneManifest_Generation = YES;
				INFOPLIST_KEY_UIApplicationSupportsIndirectInputEvents = YES;
				INFOPLIST_KEY_UILaunchScreen_Generation = YES;
				INFOPLIST_KEY_UISupportedInterfaceOrientations_iPad = "UIInterfaceOrientationPortrait UIInterfaceOrientationPortraitUpsideDown UIInterfaceOrientationLandscapeLeft UIInterfaceOrientationLandscapeRight";
				INFOPLIST_KEY_UISupportedInterfaceOrientations_iPhone = "UIInterfaceOrientationPortrait UIInterfaceOrientationLandscapeLeft UIInterfaceOrientationLandscapeRight";
				IPHONEOS_DEPLOYMENT_TARGET = 17.0;
				LD_RUNPATH_SEARCH_PATHS = (
					"$(inherited)",
					"@executable_path/Frameworks",
				);
				MARKETING_VERSION = 1.0;
				PRODUCT_BUNDLE_IDENTIFIER = com.jp.junco.Moviles.RideShareV2;
				PRODUCT_NAME = "$(TARGET_NAME)";
				SWIFT_EMIT_LOC_STRINGS = YES;
				SWIFT_VERSION = 5.0;
				TARGETED_DEVICE_FAMILY = "1,2";
			};
			name = Debug;
		};
		5EF05F5C2B8D4E8C00885CC1 /* Release */ = {
			isa = XCBuildConfiguration;
			buildSettings = {
				ASSETCATALOG_COMPILER_APPICON_NAME = AppIcon;
				ASSETCATALOG_COMPILER_GLOBAL_ACCENT_COLOR_NAME = AccentColor;
				CODE_SIGN_STYLE = Automatic;
				CURRENT_PROJECT_VERSION = 1;
				DEVELOPMENT_ASSET_PATHS = "\"RideShare/Preview Content\"";
				DEVELOPMENT_TEAM = 3L3R79WHCG;
				ENABLE_PREVIEWS = YES;
				GENERATE_INFOPLIST_FILE = YES;
				INFOPLIST_KEY_UIApplicationSceneManifest_Generation = YES;
				INFOPLIST_KEY_UIApplicationSupportsIndirectInputEvents = YES;
				INFOPLIST_KEY_UILaunchScreen_Generation = YES;
				INFOPLIST_KEY_UISupportedInterfaceOrientations_iPad = "UIInterfaceOrientationPortrait UIInterfaceOrientationPortraitUpsideDown UIInterfaceOrientationLandscapeLeft UIInterfaceOrientationLandscapeRight";
				INFOPLIST_KEY_UISupportedInterfaceOrientations_iPhone = "UIInterfaceOrientationPortrait UIInterfaceOrientationLandscapeLeft UIInterfaceOrientationLandscapeRight";
				IPHONEOS_DEPLOYMENT_TARGET = 17.0;
				LD_RUNPATH_SEARCH_PATHS = (
					"$(inherited)",
					"@executable_path/Frameworks",
				);
				MARKETING_VERSION = 1.0;
				PRODUCT_BUNDLE_IDENTIFIER = com.jp.junco.Moviles.RideShareV2;
				PRODUCT_NAME = "$(TARGET_NAME)";
				SWIFT_EMIT_LOC_STRINGS = YES;
				SWIFT_VERSION = 5.0;
				TARGETED_DEVICE_FAMILY = "1,2";
			};
			name = Release;
		};
		5EF05F5E2B8D4E8C00885CC1 /* Debug */ = {
			isa = XCBuildConfiguration;
			buildSettings = {
				ALWAYS_EMBED_SWIFT_STANDARD_LIBRARIES = YES;
				BUNDLE_LOADER = "$(TEST_HOST)";
				CODE_SIGN_STYLE = Automatic;
				CURRENT_PROJECT_VERSION = 1;
				GENERATE_INFOPLIST_FILE = YES;
				IPHONEOS_DEPLOYMENT_TARGET = 17.0;
				MARKETING_VERSION = 1.0;
				PRODUCT_BUNDLE_IDENTIFIER = com.Moviles.RideShareTests;
				PRODUCT_NAME = "$(TARGET_NAME)";
				SWIFT_EMIT_LOC_STRINGS = NO;
				SWIFT_VERSION = 5.0;
				TARGETED_DEVICE_FAMILY = "1,2";
				TEST_HOST = "$(BUILT_PRODUCTS_DIR)/RideShare.app/$(BUNDLE_EXECUTABLE_FOLDER_PATH)/RideShare";
			};
			name = Debug;
		};
		5EF05F5F2B8D4E8C00885CC1 /* Release */ = {
			isa = XCBuildConfiguration;
			buildSettings = {
				ALWAYS_EMBED_SWIFT_STANDARD_LIBRARIES = YES;
				BUNDLE_LOADER = "$(TEST_HOST)";
				CODE_SIGN_STYLE = Automatic;
				CURRENT_PROJECT_VERSION = 1;
				GENERATE_INFOPLIST_FILE = YES;
				IPHONEOS_DEPLOYMENT_TARGET = 17.0;
				MARKETING_VERSION = 1.0;
				PRODUCT_BUNDLE_IDENTIFIER = com.Moviles.RideShareTests;
				PRODUCT_NAME = "$(TARGET_NAME)";
				SWIFT_EMIT_LOC_STRINGS = NO;
				SWIFT_VERSION = 5.0;
				TARGETED_DEVICE_FAMILY = "1,2";
				TEST_HOST = "$(BUILT_PRODUCTS_DIR)/RideShare.app/$(BUNDLE_EXECUTABLE_FOLDER_PATH)/RideShare";
			};
			name = Release;
		};
		5EF05F612B8D4E8C00885CC1 /* Debug */ = {
			isa = XCBuildConfiguration;
			buildSettings = {
				ALWAYS_EMBED_SWIFT_STANDARD_LIBRARIES = YES;
				CODE_SIGN_STYLE = Automatic;
				CURRENT_PROJECT_VERSION = 1;
				GENERATE_INFOPLIST_FILE = YES;
				MARKETING_VERSION = 1.0;
				PRODUCT_BUNDLE_IDENTIFIER = com.Moviles.RideShareUITests;
				PRODUCT_NAME = "$(TARGET_NAME)";
				SWIFT_EMIT_LOC_STRINGS = NO;
				SWIFT_VERSION = 5.0;
				TARGETED_DEVICE_FAMILY = "1,2";
				TEST_TARGET_NAME = RideShare;
			};
			name = Debug;
		};
		5EF05F622B8D4E8C00885CC1 /* Release */ = {
			isa = XCBuildConfiguration;
			buildSettings = {
				ALWAYS_EMBED_SWIFT_STANDARD_LIBRARIES = YES;
				CODE_SIGN_STYLE = Automatic;
				CURRENT_PROJECT_VERSION = 1;
				GENERATE_INFOPLIST_FILE = YES;
				MARKETING_VERSION = 1.0;
				PRODUCT_BUNDLE_IDENTIFIER = com.Moviles.RideShareUITests;
				PRODUCT_NAME = "$(TARGET_NAME)";
				SWIFT_EMIT_LOC_STRINGS = NO;
				SWIFT_VERSION = 5.0;
				TARGETED_DEVICE_FAMILY = "1,2";
				TEST_TARGET_NAME = RideShare;
			};
			name = Release;
		};
/* End XCBuildConfiguration section */

/* Begin XCConfigurationList section */
		5EF05F312B8D4E8B00885CC1 /* Build configuration list for PBXProject "RideShare" */ = {
			isa = XCConfigurationList;
			buildConfigurations = (
				5EF05F582B8D4E8C00885CC1 /* Debug */,
				5EF05F592B8D4E8C00885CC1 /* Release */,
			);
			defaultConfigurationIsVisible = 0;
			defaultConfigurationName = Release;
		};
		5EF05F5A2B8D4E8C00885CC1 /* Build configuration list for PBXNativeTarget "RideShare" */ = {
			isa = XCConfigurationList;
			buildConfigurations = (
				5EF05F5B2B8D4E8C00885CC1 /* Debug */,
				5EF05F5C2B8D4E8C00885CC1 /* Release */,
			);
			defaultConfigurationIsVisible = 0;
			defaultConfigurationName = Release;
		};
		5EF05F5D2B8D4E8C00885CC1 /* Build configuration list for PBXNativeTarget "RideShareTests" */ = {
			isa = XCConfigurationList;
			buildConfigurations = (
				5EF05F5E2B8D4E8C00885CC1 /* Debug */,
				5EF05F5F2B8D4E8C00885CC1 /* Release */,
			);
			defaultConfigurationIsVisible = 0;
			defaultConfigurationName = Release;
		};
		5EF05F602B8D4E8C00885CC1 /* Build configuration list for PBXNativeTarget "RideShareUITests" */ = {
			isa = XCConfigurationList;
			buildConfigurations = (
				5EF05F612B8D4E8C00885CC1 /* Debug */,
				5EF05F622B8D4E8C00885CC1 /* Release */,
			);
			defaultConfigurationIsVisible = 0;
			defaultConfigurationName = Release;
		};
/* End XCConfigurationList section */
	};
	rootObject = 5EF05F2E2B8D4E8B00885CC1 /* Project object */;
}
