// !$*UTF8*$!
{
	archiveVersion = 1;
	classes = {
	};
	objectVersion = 56;
	objects = {

/* Begin PBXBuildFile section */
		13BDDAEB2BD6FAAF00E572C1 /* GoogleService-Info.plist in Resources */ = {isa = PBXBuildFile; fileRef = 13BDDAEA2BD6FAAF00E572C1 /* GoogleService-Info.plist */; };
		13BDDAED2BD6FEAD00E572C1 /* TripView.swift in Sources */ = {isa = PBXBuildFile; fileRef = 13BDDAEC2BD6FEAD00E572C1 /* TripView.swift */; };
		13BDDAEF2BD7009B00E572C1 /* Ended_trips.swift in Sources */ = {isa = PBXBuildFile; fileRef = 13BDDAEE2BD7009B00E572C1 /* Ended_trips.swift */; };
		13FF5C032BAE2FD200CE7121 /* Tabvar.swift in Sources */ = {isa = PBXBuildFile; fileRef = 13FF5C022BAE2FD200CE7121 /* Tabvar.swift */; };
		13FF5C092BAE31CD00CE7121 /* ProfileTextFiles.swift in Sources */ = {isa = PBXBuildFile; fileRef = 13FF5C082BAE31CD00CE7121 /* ProfileTextFiles.swift */; };
		5E3C68062BCCE1A200ED04AB /* KeychainAccess in Frameworks */ = {isa = PBXBuildFile; productRef = 5E3C68052BCCE1A200ED04AB /* KeychainAccess */; };
		5E47E1F72BAE06A0004FFD67 /* NewCarView.swift in Sources */ = {isa = PBXBuildFile; fileRef = 5E47E1F62BAE06A0004FFD67 /* NewCarView.swift */; };
		5E47E1FB2BAE1197004FFD67 /* NewCarViewModel.swift in Sources */ = {isa = PBXBuildFile; fileRef = 5E47E1FA2BAE1197004FFD67 /* NewCarViewModel.swift */; };
		5E47E1FD2BAE1212004FFD67 /* Vehicle.swift in Sources */ = {isa = PBXBuildFile; fileRef = 5E47E1FC2BAE1212004FFD67 /* Vehicle.swift */; };
		5E4A43EE2BAC9ED700DCB02C /* .gitignore in Resources */ = {isa = PBXBuildFile; fileRef = 5E4A43ED2BAC9ED700DCB02C /* .gitignore */; };
		5E7AD2D82BADF0CD0001D379 /* FirebaseFirestore in Frameworks */ = {isa = PBXBuildFile; productRef = 5E7AD2D72BADF0CD0001D379 /* FirebaseFirestore */; };
		5E7AD2DA2BADF0EC0001D379 /* FirestoreManager.swift in Sources */ = {isa = PBXBuildFile; fileRef = 5E7AD2D92BADF0EC0001D379 /* FirestoreManager.swift */; };
		5E7AD2DC2BADFEB40001D379 /* FirebaseFirestoreSwift in Frameworks */ = {isa = PBXBuildFile; productRef = 5E7AD2DB2BADFEB40001D379 /* FirebaseFirestoreSwift */; };
		5E7AD2DE2BADFF120001D379 /* FirebaseDatabase in Frameworks */ = {isa = PBXBuildFile; productRef = 5E7AD2DD2BADFF120001D379 /* FirebaseDatabase */; };
		5E7AD2E02BADFF240001D379 /* FirebaseAuth in Frameworks */ = {isa = PBXBuildFile; productRef = 5E7AD2DF2BADFF240001D379 /* FirebaseAuth */; };
		5E8A23312BADB25F008A2B16 /* ForgotPasswordView.swift in Sources */ = {isa = PBXBuildFile; fileRef = 5E8A23302BADB25F008A2B16 /* ForgotPasswordView.swift */; };
		5EA875B82BB27B26008826C1 /* AuthData.swift in Sources */ = {isa = PBXBuildFile; fileRef = 5EA875B72BB27B26008826C1 /* AuthData.swift */; };
		5EA875BA2BB27E71008826C1 /* SessionManager.swift in Sources */ = {isa = PBXBuildFile; fileRef = 5EA875B92BB27E71008826C1 /* SessionManager.swift */; };
		5EC001D52BBA669E0000C8EC /* ImagePickerView.swift in Sources */ = {isa = PBXBuildFile; fileRef = 5EC001D42BBA669E0000C8EC /* ImagePickerView.swift */; };
		5EC001D82BBA69C80000C8EC /* FirebaseStorage in Frameworks */ = {isa = PBXBuildFile; productRef = 5EC001D72BBA69C80000C8EC /* FirebaseStorage */; };
		5EC001DA2BBA6AC30000C8EC /* FireStorageManager.swift in Sources */ = {isa = PBXBuildFile; fileRef = 5EC001D92BBA6AC30000C8EC /* FireStorageManager.swift */; };
		5EC001DC2BBA72190000C8EC /* AsyncImageLoader.swift in Sources */ = {isa = PBXBuildFile; fileRef = 5EC001DB2BBA72190000C8EC /* AsyncImageLoader.swift */; };
		5ED5B0D12BADC88000AEED32 /* ImageViewModel.swift in Sources */ = {isa = PBXBuildFile; fileRef = 5ED5B0D02BADC88000AEED32 /* ImageViewModel.swift */; };
		5ED5B0D32BADC89800AEED32 /* ProfileViewModel.swift in Sources */ = {isa = PBXBuildFile; fileRef = 5ED5B0D22BADC89800AEED32 /* ProfileViewModel.swift */; };
		5ED5B0D52BADC8B000AEED32 /* ProfileView.swift in Sources */ = {isa = PBXBuildFile; fileRef = 5ED5B0D42BADC8B000AEED32 /* ProfileView.swift */; };
		5EEB89E92B8E24AC00F37097 /* LoginViewModel.swift in Sources */ = {isa = PBXBuildFile; fileRef = 5EEB89E82B8E24AC00F37097 /* LoginViewModel.swift */; };
		5EEB89EB2B8E273300F37097 /* LoginView.swift in Sources */ = {isa = PBXBuildFile; fileRef = 5EEB89EA2B8E273300F37097 /* LoginView.swift */; };
		5EEB89ED2B8E275200F37097 /* SignUpView.swift in Sources */ = {isa = PBXBuildFile; fileRef = 5EEB89EC2B8E275200F37097 /* SignUpView.swift */; };
		5EEB89EF2B8E57E100F37097 /* TextFields.swift in Sources */ = {isa = PBXBuildFile; fileRef = 5EEB89EE2B8E57E100F37097 /* TextFields.swift */; };
		5EEB89F12B8E5B5E00F37097 /* SignUpViewModel.swift in Sources */ = {isa = PBXBuildFile; fileRef = 5EEB89F02B8E5B5E00F37097 /* SignUpViewModel.swift */; };
		5EF05F3A2B8D4E8B00885CC1 /* RideShareApp.swift in Sources */ = {isa = PBXBuildFile; fileRef = 5EF05F392B8D4E8B00885CC1 /* RideShareApp.swift */; };
		5EF05F3C2B8D4E8B00885CC1 /* ContentView.swift in Sources */ = {isa = PBXBuildFile; fileRef = 5EF05F3B2B8D4E8B00885CC1 /* ContentView.swift */; };
		5EF05F3E2B8D4E8C00885CC1 /* Assets.xcassets in Resources */ = {isa = PBXBuildFile; fileRef = 5EF05F3D2B8D4E8C00885CC1 /* Assets.xcassets */; };
		5EF05F412B8D4E8C00885CC1 /* Preview Assets.xcassets in Resources */ = {isa = PBXBuildFile; fileRef = 5EF05F402B8D4E8C00885CC1 /* Preview Assets.xcassets */; };
		5EF05F4B2B8D4E8C00885CC1 /* RideShareTests.swift in Sources */ = {isa = PBXBuildFile; fileRef = 5EF05F4A2B8D4E8C00885CC1 /* RideShareTests.swift */; };
		5EF05F552B8D4E8C00885CC1 /* RideShareUITests.swift in Sources */ = {isa = PBXBuildFile; fileRef = 5EF05F542B8D4E8C00885CC1 /* RideShareUITests.swift */; };
		5EF05F572B8D4E8C00885CC1 /* RideShareUITestsLaunchTests.swift in Sources */ = {isa = PBXBuildFile; fileRef = 5EF05F562B8D4E8C00885CC1 /* RideShareUITestsLaunchTests.swift */; };
		5EF05F692B8D4F0D00885CC1 /* UserProfile.swift in Sources */ = {isa = PBXBuildFile; fileRef = 5EF05F682B8D4F0D00885CC1 /* UserProfile.swift */; };
		5EF05F6F2B8D4F8A00885CC1 /* RegistrationView.swift in Sources */ = {isa = PBXBuildFile; fileRef = 5EF05F6E2B8D4F8A00885CC1 /* RegistrationView.swift */; };
		5EF05F712B8D4FF900885CC1 /* Buttons.swift in Sources */ = {isa = PBXBuildFile; fileRef = 5EF05F702B8D4FF900885CC1 /* Buttons.swift */; };
		866A1F8C2BAC041500EF6663 /* LocationDetail.swift in Sources */ = {isa = PBXBuildFile; fileRef = 866A1F8B2BAC041500EF6663 /* LocationDetail.swift */; };
		86858E4C2BADED3300113E4B /* LocationSearchViewModel.swift in Sources */ = {isa = PBXBuildFile; fileRef = 86858E4B2BADED3300113E4B /* LocationSearchViewModel.swift */; };
		86858E4E2BADED6100113E4B /* SpeedViewModel.swift in Sources */ = {isa = PBXBuildFile; fileRef = 86858E4D2BADED6100113E4B /* SpeedViewModel.swift */; };
		86858E502BADED9900113E4B /* LocationCell.swift in Sources */ = {isa = PBXBuildFile; fileRef = 86858E4F2BADED9900113E4B /* LocationCell.swift */; };
		86858E522BADEDB700113E4B /* LocationSearchView.swift in Sources */ = {isa = PBXBuildFile; fileRef = 86858E512BADEDB700113E4B /* LocationSearchView.swift */; };
		86858E542BADEDD500113E4B /* LocationService.swift in Sources */ = {isa = PBXBuildFile; fileRef = 86858E532BADEDD500113E4B /* LocationService.swift */; };
		86858E562BADEDF300113E4B /* MapRepresentable.swift in Sources */ = {isa = PBXBuildFile; fileRef = 86858E552BADEDF300113E4B /* MapRepresentable.swift */; };
		86858E582BADEE0D00113E4B /* MapView.swift in Sources */ = {isa = PBXBuildFile; fileRef = 86858E572BADEE0D00113E4B /* MapView.swift */; };
		86858E5A2BADEE4200113E4B /* OptionsButtonView.swift in Sources */ = {isa = PBXBuildFile; fileRef = 86858E592BADEE4200113E4B /* OptionsButtonView.swift */; };
		86858E5C2BADEE5F00113E4B /* SearchBarView.swift in Sources */ = {isa = PBXBuildFile; fileRef = 86858E5B2BADEE5F00113E4B /* SearchBarView.swift */; };
		86858E5E2BADEE7800113E4B /* SpeedView.swift in Sources */ = {isa = PBXBuildFile; fileRef = 86858E5D2BADEE7800113E4B /* SpeedView.swift */; };
		86858E602BADF36700113E4B /* RidePickerView.swift in Sources */ = {isa = PBXBuildFile; fileRef = 86858E5F2BADF36700113E4B /* RidePickerView.swift */; };
		86858E642BADF7C700113E4B /* ObjectsLocalList.swift in Sources */ = {isa = PBXBuildFile; fileRef = 86858E632BADF7C700113E4B /* ObjectsLocalList.swift */; };
/* End PBXBuildFile section */

/* Begin PBXContainerItemProxy section */
		5EF05F472B8D4E8C00885CC1 /* PBXContainerItemProxy */ = {
			isa = PBXContainerItemProxy;
			containerPortal = 5EF05F2E2B8D4E8B00885CC1 /* Project object */;
			proxyType = 1;
			remoteGlobalIDString = 5EF05F352B8D4E8B00885CC1;
			remoteInfo = RideShare;
		};
		5EF05F512B8D4E8C00885CC1 /* PBXContainerItemProxy */ = {
			isa = PBXContainerItemProxy;
			containerPortal = 5EF05F2E2B8D4E8B00885CC1 /* Project object */;
			proxyType = 1;
			remoteGlobalIDString = 5EF05F352B8D4E8B00885CC1;
			remoteInfo = RideShare;
		};
/* End PBXContainerItemProxy section */

/* Begin PBXFileReference section */
		13BDDAEA2BD6FAAF00E572C1 /* GoogleService-Info.plist */ = {isa = PBXFileReference; fileEncoding = 4; lastKnownFileType = text.plist.xml; name = "GoogleService-Info.plist"; path = "../../../Downloads/GoogleService-Info.plist"; sourceTree = "<group>"; };
		13BDDAEC2BD6FEAD00E572C1 /* TripView.swift */ = {isa = PBXFileReference; lastKnownFileType = sourcecode.swift; path = TripView.swift; sourceTree = "<group>"; };
		13BDDAEE2BD7009B00E572C1 /* Ended_trips.swift */ = {isa = PBXFileReference; lastKnownFileType = sourcecode.swift; path = Ended_trips.swift; sourceTree = "<group>"; };
		13FF5C022BAE2FD200CE7121 /* Tabvar.swift */ = {isa = PBXFileReference; lastKnownFileType = sourcecode.swift; path = Tabvar.swift; sourceTree = "<group>"; };
		13FF5C082BAE31CD00CE7121 /* ProfileTextFiles.swift */ = {isa = PBXFileReference; lastKnownFileType = sourcecode.swift; path = ProfileTextFiles.swift; sourceTree = "<group>"; };
		5E3C68032BCC805500ED04AB /* GoogleService-Info.plist */ = {isa = PBXFileReference; lastKnownFileType = text.plist.xml; path = "GoogleService-Info.plist"; sourceTree = "<group>"; };
		5E47E1F62BAE06A0004FFD67 /* NewCarView.swift */ = {isa = PBXFileReference; lastKnownFileType = sourcecode.swift; path = NewCarView.swift; sourceTree = "<group>"; };
		5E47E1FA2BAE1197004FFD67 /* NewCarViewModel.swift */ = {isa = PBXFileReference; lastKnownFileType = sourcecode.swift; path = NewCarViewModel.swift; sourceTree = "<group>"; };
		5E47E1FC2BAE1212004FFD67 /* Vehicle.swift */ = {isa = PBXFileReference; lastKnownFileType = sourcecode.swift; path = Vehicle.swift; sourceTree = "<group>"; };
		5E4A43ED2BAC9ED700DCB02C /* .gitignore */ = {isa = PBXFileReference; lastKnownFileType = text; path = .gitignore; sourceTree = "<group>"; };
		5E7AD2D92BADF0EC0001D379 /* FirestoreManager.swift */ = {isa = PBXFileReference; lastKnownFileType = sourcecode.swift; name = FirestoreManager.swift; path = RideShare/FirestoreManager.swift; sourceTree = SOURCE_ROOT; };
		5E8A23302BADB25F008A2B16 /* ForgotPasswordView.swift */ = {isa = PBXFileReference; lastKnownFileType = sourcecode.swift; path = ForgotPasswordView.swift; sourceTree = "<group>"; };
		5EA875B72BB27B26008826C1 /* AuthData.swift */ = {isa = PBXFileReference; lastKnownFileType = sourcecode.swift; path = AuthData.swift; sourceTree = "<group>"; };
		5EA875B92BB27E71008826C1 /* SessionManager.swift */ = {isa = PBXFileReference; lastKnownFileType = sourcecode.swift; path = SessionManager.swift; sourceTree = "<group>"; };
		5EC001D42BBA669E0000C8EC /* ImagePickerView.swift */ = {isa = PBXFileReference; lastKnownFileType = sourcecode.swift; path = ImagePickerView.swift; sourceTree = "<group>"; };
		5EC001D92BBA6AC30000C8EC /* FireStorageManager.swift */ = {isa = PBXFileReference; lastKnownFileType = sourcecode.swift; name = FireStorageManager.swift; path = RideShare/Views/FireStorageManager.swift; sourceTree = SOURCE_ROOT; };
		5EC001DB2BBA72190000C8EC /* AsyncImageLoader.swift */ = {isa = PBXFileReference; lastKnownFileType = sourcecode.swift; name = AsyncImageLoader.swift; path = RideShare/Views/AsyncImageLoader.swift; sourceTree = SOURCE_ROOT; };
		5ED5B0D02BADC88000AEED32 /* ImageViewModel.swift */ = {isa = PBXFileReference; lastKnownFileType = sourcecode.swift; path = ImageViewModel.swift; sourceTree = "<group>"; };
		5ED5B0D22BADC89800AEED32 /* ProfileViewModel.swift */ = {isa = PBXFileReference; lastKnownFileType = sourcecode.swift; path = ProfileViewModel.swift; sourceTree = "<group>"; };
		5ED5B0D42BADC8B000AEED32 /* ProfileView.swift */ = {isa = PBXFileReference; lastKnownFileType = sourcecode.swift; path = ProfileView.swift; sourceTree = "<group>"; };
		5EE339252BAD25D00064B3F7 /* Info.plist */ = {isa = PBXFileReference; lastKnownFileType = text.plist; path = Info.plist; sourceTree = "<group>"; };
		5EEB89E82B8E24AC00F37097 /* LoginViewModel.swift */ = {isa = PBXFileReference; lastKnownFileType = sourcecode.swift; path = LoginViewModel.swift; sourceTree = "<group>"; };
		5EEB89EA2B8E273300F37097 /* LoginView.swift */ = {isa = PBXFileReference; lastKnownFileType = sourcecode.swift; path = LoginView.swift; sourceTree = "<group>"; };
		5EEB89EC2B8E275200F37097 /* SignUpView.swift */ = {isa = PBXFileReference; lastKnownFileType = sourcecode.swift; path = SignUpView.swift; sourceTree = "<group>"; };
		5EEB89EE2B8E57E100F37097 /* TextFields.swift */ = {isa = PBXFileReference; lastKnownFileType = sourcecode.swift; path = TextFields.swift; sourceTree = "<group>"; };
		5EEB89F02B8E5B5E00F37097 /* SignUpViewModel.swift */ = {isa = PBXFileReference; lastKnownFileType = sourcecode.swift; path = SignUpViewModel.swift; sourceTree = "<group>"; };
		5EF05F362B8D4E8B00885CC1 /* RideShare.app */ = {isa = PBXFileReference; explicitFileType = wrapper.application; includeInIndex = 0; path = RideShare.app; sourceTree = BUILT_PRODUCTS_DIR; };
		5EF05F392B8D4E8B00885CC1 /* RideShareApp.swift */ = {isa = PBXFileReference; lastKnownFileType = sourcecode.swift; path = RideShareApp.swift; sourceTree = "<group>"; };
		5EF05F3B2B8D4E8B00885CC1 /* ContentView.swift */ = {isa = PBXFileReference; lastKnownFileType = sourcecode.swift; path = ContentView.swift; sourceTree = "<group>"; };
		5EF05F3D2B8D4E8C00885CC1 /* Assets.xcassets */ = {isa = PBXFileReference; lastKnownFileType = folder.assetcatalog; path = Assets.xcassets; sourceTree = "<group>"; };
		5EF05F402B8D4E8C00885CC1 /* Preview Assets.xcassets */ = {isa = PBXFileReference; lastKnownFileType = folder.assetcatalog; path = "Preview Assets.xcassets"; sourceTree = "<group>"; };
		5EF05F462B8D4E8C00885CC1 /* RideShareTests.xctest */ = {isa = PBXFileReference; explicitFileType = wrapper.cfbundle; includeInIndex = 0; path = RideShareTests.xctest; sourceTree = BUILT_PRODUCTS_DIR; };
		5EF05F4A2B8D4E8C00885CC1 /* RideShareTests.swift */ = {isa = PBXFileReference; lastKnownFileType = sourcecode.swift; path = RideShareTests.swift; sourceTree = "<group>"; };
		5EF05F502B8D4E8C00885CC1 /* RideShareUITests.xctest */ = {isa = PBXFileReference; explicitFileType = wrapper.cfbundle; includeInIndex = 0; path = RideShareUITests.xctest; sourceTree = BUILT_PRODUCTS_DIR; };
		5EF05F542B8D4E8C00885CC1 /* RideShareUITests.swift */ = {isa = PBXFileReference; lastKnownFileType = sourcecode.swift; path = RideShareUITests.swift; sourceTree = "<group>"; };
		5EF05F562B8D4E8C00885CC1 /* RideShareUITestsLaunchTests.swift */ = {isa = PBXFileReference; lastKnownFileType = sourcecode.swift; path = RideShareUITestsLaunchTests.swift; sourceTree = "<group>"; };
		5EF05F682B8D4F0D00885CC1 /* UserProfile.swift */ = {isa = PBXFileReference; lastKnownFileType = sourcecode.swift; path = UserProfile.swift; sourceTree = "<group>"; };
		5EF05F6E2B8D4F8A00885CC1 /* RegistrationView.swift */ = {isa = PBXFileReference; lastKnownFileType = sourcecode.swift; path = RegistrationView.swift; sourceTree = "<group>"; };
		5EF05F702B8D4FF900885CC1 /* Buttons.swift */ = {isa = PBXFileReference; lastKnownFileType = sourcecode.swift; path = Buttons.swift; sourceTree = "<group>"; };
		866A1F8B2BAC041500EF6663 /* LocationDetail.swift */ = {isa = PBXFileReference; lastKnownFileType = sourcecode.swift; path = LocationDetail.swift; sourceTree = "<group>"; };
		86858E4B2BADED3300113E4B /* LocationSearchViewModel.swift */ = {isa = PBXFileReference; lastKnownFileType = sourcecode.swift; path = LocationSearchViewModel.swift; sourceTree = "<group>"; };
		86858E4D2BADED6100113E4B /* SpeedViewModel.swift */ = {isa = PBXFileReference; lastKnownFileType = sourcecode.swift; path = SpeedViewModel.swift; sourceTree = "<group>"; };
		86858E4F2BADED9900113E4B /* LocationCell.swift */ = {isa = PBXFileReference; lastKnownFileType = sourcecode.swift; path = LocationCell.swift; sourceTree = "<group>"; };
		86858E512BADEDB700113E4B /* LocationSearchView.swift */ = {isa = PBXFileReference; lastKnownFileType = sourcecode.swift; path = LocationSearchView.swift; sourceTree = "<group>"; };
		86858E532BADEDD500113E4B /* LocationService.swift */ = {isa = PBXFileReference; lastKnownFileType = sourcecode.swift; name = LocationService.swift; path = RideShare/Views/LocationService.swift; sourceTree = SOURCE_ROOT; };
		86858E552BADEDF300113E4B /* MapRepresentable.swift */ = {isa = PBXFileReference; lastKnownFileType = sourcecode.swift; path = MapRepresentable.swift; sourceTree = "<group>"; };
		86858E572BADEE0D00113E4B /* MapView.swift */ = {isa = PBXFileReference; lastKnownFileType = sourcecode.swift; path = MapView.swift; sourceTree = "<group>"; };
		86858E592BADEE4200113E4B /* OptionsButtonView.swift */ = {isa = PBXFileReference; lastKnownFileType = sourcecode.swift; path = OptionsButtonView.swift; sourceTree = "<group>"; };
		86858E5B2BADEE5F00113E4B /* SearchBarView.swift */ = {isa = PBXFileReference; lastKnownFileType = sourcecode.swift; path = SearchBarView.swift; sourceTree = "<group>"; };
		86858E5D2BADEE7800113E4B /* SpeedView.swift */ = {isa = PBXFileReference; lastKnownFileType = sourcecode.swift; path = SpeedView.swift; sourceTree = "<group>"; };
		86858E5F2BADF36700113E4B /* RidePickerView.swift */ = {isa = PBXFileReference; lastKnownFileType = sourcecode.swift; path = RidePickerView.swift; sourceTree = "<group>"; };
		86858E632BADF7C700113E4B /* ObjectsLocalList.swift */ = {isa = PBXFileReference; lastKnownFileType = sourcecode.swift; path = ObjectsLocalList.swift; sourceTree = "<group>"; };
/* End PBXFileReference section */

/* Begin PBXFrameworksBuildPhase section */
		5EF05F332B8D4E8B00885CC1 /* Frameworks */ = {
			isa = PBXFrameworksBuildPhase;
			buildActionMask = 2147483647;
			files = (
				5E7AD2D82BADF0CD0001D379 /* FirebaseFirestore in Frameworks */,
				5E7AD2E02BADFF240001D379 /* FirebaseAuth in Frameworks */,
				5E3C68062BCCE1A200ED04AB /* KeychainAccess in Frameworks */,
				5E7AD2DE2BADFF120001D379 /* FirebaseDatabase in Frameworks */,
				5EC001D82BBA69C80000C8EC /* FirebaseStorage in Frameworks */,
				5E7AD2DC2BADFEB40001D379 /* FirebaseFirestoreSwift in Frameworks */,
			);
			runOnlyForDeploymentPostprocessing = 0;
		};
		5EF05F432B8D4E8C00885CC1 /* Frameworks */ = {
			isa = PBXFrameworksBuildPhase;
			buildActionMask = 2147483647;
			files = (
			);
			runOnlyForDeploymentPostprocessing = 0;
		};
		5EF05F4D2B8D4E8C00885CC1 /* Frameworks */ = {
			isa = PBXFrameworksBuildPhase;
			buildActionMask = 2147483647;
			files = (
			);
			runOnlyForDeploymentPostprocessing = 0;
		};
/* End PBXFrameworksBuildPhase section */

/* Begin PBXGroup section */
		5EC001D62BBA69C80000C8EC /* Frameworks */ = {
			isa = PBXGroup;
			children = (
			);
			name = Frameworks;
			sourceTree = "<group>";
		};
		5EDA89A42BB3729500023634 /* Registration */ = {
			isa = PBXGroup;
			children = (
				5E47E1F62BAE06A0004FFD67 /* NewCarView.swift */,
				5EF05F6E2B8D4F8A00885CC1 /* RegistrationView.swift */,
				5E8A23302BADB25F008A2B16 /* ForgotPasswordView.swift */,
				5EEB89EC2B8E275200F37097 /* SignUpView.swift */,
				5EEB89EA2B8E273300F37097 /* LoginView.swift */,
			);
			path = Registration;
			sourceTree = "<group>";
		};
		5EDA89A52BB3735700023634 /* Map */ = {
			isa = PBXGroup;
			children = (
				866A1F8B2BAC041500EF6663 /* LocationDetail.swift */,
				86858E4F2BADED9900113E4B /* LocationCell.swift */,
				86858E512BADEDB700113E4B /* LocationSearchView.swift */,
				86858E552BADEDF300113E4B /* MapRepresentable.swift */,
				86858E572BADEE0D00113E4B /* MapView.swift */,
				86858E5F2BADF36700113E4B /* RidePickerView.swift */,
				86858E592BADEE4200113E4B /* OptionsButtonView.swift */,
				86858E5B2BADEE5F00113E4B /* SearchBarView.swift */,
			);
			path = Map;
			sourceTree = "<group>";
		};
		5EDA89A62BB3EB3500023634 /* Registration */ = {
			isa = PBXGroup;
			children = (
				5E47E1FA2BAE1197004FFD67 /* NewCarViewModel.swift */,
				5EEB89E82B8E24AC00F37097 /* LoginViewModel.swift */,
				5EEB89F02B8E5B5E00F37097 /* SignUpViewModel.swift */,
			);
			path = Registration;
			sourceTree = "<group>";
		};
		5EDA89A72BB3EB6400023634 /* Map */ = {
			isa = PBXGroup;
			children = (
				86858E4B2BADED3300113E4B /* LocationSearchViewModel.swift */,
			);
			path = Map;
			sourceTree = "<group>";
		};
		5EF05F2D2B8D4E8B00885CC1 = {
			isa = PBXGroup;
			children = (
				5E3C68032BCC805500ED04AB /* GoogleService-Info.plist */,
				5E4A43ED2BAC9ED700DCB02C /* .gitignore */,
				5EF05F382B8D4E8B00885CC1 /* RideShare */,
				5EF05F492B8D4E8C00885CC1 /* RideShareTests */,
				5EF05F532B8D4E8C00885CC1 /* RideShareUITests */,
				5EF05F372B8D4E8B00885CC1 /* Products */,
				5EC001D62BBA69C80000C8EC /* Frameworks */,
			);
			sourceTree = "<group>";
		};
		5EF05F372B8D4E8B00885CC1 /* Products */ = {
			isa = PBXGroup;
			children = (
				5EF05F362B8D4E8B00885CC1 /* RideShare.app */,
				5EF05F462B8D4E8C00885CC1 /* RideShareTests.xctest */,
				5EF05F502B8D4E8C00885CC1 /* RideShareUITests.xctest */,
			);
			name = Products;
			sourceTree = "<group>";
		};
		5EF05F382B8D4E8B00885CC1 /* RideShare */ = {
			isa = PBXGroup;
			children = (
				5EE339252BAD25D00064B3F7 /* Info.plist */,
				13BDDAEA2BD6FAAF00E572C1 /* GoogleService-Info.plist */,
				5EF05F632B8D4EA100885CC1 /* Fonts */,
				5EF05F672B8D4EF600885CC1 /* Utilities */,
				5EF05F662B8D4EE900885CC1 /* Services */,
				5EF05F642B8D4ED200885CC1 /* Models */,
				5EF05F6C2B8D4F7100885CC1 /* Views */,
				5EF05F652B8D4EDA00885CC1 /* ViewModels */,
				5EF05F392B8D4E8B00885CC1 /* RideShareApp.swift */,
				5EF05F3B2B8D4E8B00885CC1 /* ContentView.swift */,
				5EF05F3D2B8D4E8C00885CC1 /* Assets.xcassets */,
				5EF05F3F2B8D4E8C00885CC1 /* Preview Content */,
			);
			path = RideShare;
			sourceTree = "<group>";
		};
		5EF05F3F2B8D4E8C00885CC1 /* Preview Content */ = {
			isa = PBXGroup;
			children = (
				5EF05F402B8D4E8C00885CC1 /* Preview Assets.xcassets */,
			);
			path = "Preview Content";
			sourceTree = "<group>";
		};
		5EF05F492B8D4E8C00885CC1 /* RideShareTests */ = {
			isa = PBXGroup;
			children = (
				5EF05F4A2B8D4E8C00885CC1 /* RideShareTests.swift */,
			);
			path = RideShareTests;
			sourceTree = "<group>";
		};
		5EF05F532B8D4E8C00885CC1 /* RideShareUITests */ = {
			isa = PBXGroup;
			children = (
				5EF05F542B8D4E8C00885CC1 /* RideShareUITests.swift */,
				5EF05F562B8D4E8C00885CC1 /* RideShareUITestsLaunchTests.swift */,
			);
			path = RideShareUITests;
			sourceTree = "<group>";
		};
		5EF05F632B8D4EA100885CC1 /* Fonts */ = {
			isa = PBXGroup;
			children = (
			);
			path = Fonts;
			sourceTree = "<group>";
		};
		5EF05F642B8D4ED200885CC1 /* Models */ = {
			isa = PBXGroup;
			children = (
				5EF05F682B8D4F0D00885CC1 /* UserProfile.swift */,
				5E47E1FC2BAE1212004FFD67 /* Vehicle.swift */,
				5EA875B72BB27B26008826C1 /* AuthData.swift */,
				13BDDAEE2BD7009B00E572C1 /* Ended_trips.swift */,
			);
			path = Models;
			sourceTree = "<group>";
		};
		5EF05F652B8D4EDA00885CC1 /* ViewModels */ = {
			isa = PBXGroup;
			children = (
				5EDA89A72BB3EB6400023634 /* Map */,
				5EDA89A62BB3EB3500023634 /* Registration */,
				5ED5B0D02BADC88000AEED32 /* ImageViewModel.swift */,
				5ED5B0D22BADC89800AEED32 /* ProfileViewModel.swift */,
				86858E4D2BADED6100113E4B /* SpeedViewModel.swift */,
			);
			path = ViewModels;
			sourceTree = "<group>";
		};
		5EF05F662B8D4EE900885CC1 /* Services */ = {
			isa = PBXGroup;
			children = (
				86858E532BADEDD500113E4B /* LocationService.swift */,
				5E7AD2D92BADF0EC0001D379 /* FirestoreManager.swift */,
				5EC001D92BBA6AC30000C8EC /* FireStorageManager.swift */,
				5EC001DB2BBA72190000C8EC /* AsyncImageLoader.swift */,
			);
			path = Services;
			sourceTree = "<group>";
		};
		5EF05F672B8D4EF600885CC1 /* Utilities */ = {
			isa = PBXGroup;
			children = (
				5EF05F702B8D4FF900885CC1 /* Buttons.swift */,
				5EEB89EE2B8E57E100F37097 /* TextFields.swift */,
				86858E632BADF7C700113E4B /* ObjectsLocalList.swift */,
				13FF5C022BAE2FD200CE7121 /* Tabvar.swift */,
				13FF5C082BAE31CD00CE7121 /* ProfileTextFiles.swift */,
				5EA875B92BB27E71008826C1 /* SessionManager.swift */,
			);
			path = Utilities;
			sourceTree = "<group>";
		};
		5EF05F6C2B8D4F7100885CC1 /* Views */ = {
			isa = PBXGroup;
			children = (
				5EDA89A52BB3735700023634 /* Map */,
				5EDA89A42BB3729500023634 /* Registration */,
				86858E5D2BADEE7800113E4B /* SpeedView.swift */,
				5ED5B0D42BADC8B000AEED32 /* ProfileView.swift */,
				5EC001D42BBA669E0000C8EC /* ImagePickerView.swift */,
				13BDDAEC2BD6FEAD00E572C1 /* TripView.swift */,
			);
			path = Views;
			sourceTree = "<group>";
		};
/* End PBXGroup section */

/* Begin PBXNativeTarget section */
		5EF05F352B8D4E8B00885CC1 /* RideShare */ = {
			isa = PBXNativeTarget;
			buildConfigurationList = 5EF05F5A2B8D4E8C00885CC1 /* Build configuration list for PBXNativeTarget "RideShare" */;
			buildPhases = (
				5EF05F322B8D4E8B00885CC1 /* Sources */,
				5EF05F332B8D4E8B00885CC1 /* Frameworks */,
				5EF05F342B8D4E8B00885CC1 /* Resources */,
			);
			buildRules = (
			);
			dependencies = (
			);
			name = RideShare;
			packageProductDependencies = (
				5E7AD2D72BADF0CD0001D379 /* FirebaseFirestore */,
				5E7AD2DB2BADFEB40001D379 /* FirebaseFirestoreSwift */,
				5E7AD2DD2BADFF120001D379 /* FirebaseDatabase */,
				5E7AD2DF2BADFF240001D379 /* FirebaseAuth */,
				5EC001D72BBA69C80000C8EC /* FirebaseStorage */,
				5E3C68052BCCE1A200ED04AB /* KeychainAccess */,
			);
			productName = RideShare;
			productReference = 5EF05F362B8D4E8B00885CC1 /* RideShare.app */;
			productType = "com.apple.product-type.application";
		};
		5EF05F452B8D4E8C00885CC1 /* RideShareTests */ = {
			isa = PBXNativeTarget;
			buildConfigurationList = 5EF05F5D2B8D4E8C00885CC1 /* Build configuration list for PBXNativeTarget "RideShareTests" */;
			buildPhases = (
				5EF05F422B8D4E8C00885CC1 /* Sources */,
				5EF05F432B8D4E8C00885CC1 /* Frameworks */,
				5EF05F442B8D4E8C00885CC1 /* Resources */,
			);
			buildRules = (
			);
			dependencies = (
				5EF05F482B8D4E8C00885CC1 /* PBXTargetDependency */,
			);
			name = RideShareTests;
			productName = RideShareTests;
			productReference = 5EF05F462B8D4E8C00885CC1 /* RideShareTests.xctest */;
			productType = "com.apple.product-type.bundle.unit-test";
		};
		5EF05F4F2B8D4E8C00885CC1 /* RideShareUITests */ = {
			isa = PBXNativeTarget;
			buildConfigurationList = 5EF05F602B8D4E8C00885CC1 /* Build configuration list for PBXNativeTarget "RideShareUITests" */;
			buildPhases = (
				5EF05F4C2B8D4E8C00885CC1 /* Sources */,
				5EF05F4D2B8D4E8C00885CC1 /* Frameworks */,
				5EF05F4E2B8D4E8C00885CC1 /* Resources */,
			);
			buildRules = (
			);
			dependencies = (
				5EF05F522B8D4E8C00885CC1 /* PBXTargetDependency */,
			);
			name = RideShareUITests;
			productName = RideShareUITests;
			productReference = 5EF05F502B8D4E8C00885CC1 /* RideShareUITests.xctest */;
			productType = "com.apple.product-type.bundle.ui-testing";
		};
/* End PBXNativeTarget section */

/* Begin PBXProject section */
		5EF05F2E2B8D4E8B00885CC1 /* Project object */ = {
			isa = PBXProject;
			attributes = {
				BuildIndependentTargetsInParallel = 1;
				LastSwiftUpdateCheck = 1420;
				LastUpgradeCheck = 1420;
				TargetAttributes = {
					5EF05F352B8D4E8B00885CC1 = {
						CreatedOnToolsVersion = 14.2;
					};
					5EF05F452B8D4E8C00885CC1 = {
						CreatedOnToolsVersion = 14.2;
						TestTargetID = 5EF05F352B8D4E8B00885CC1;
					};
					5EF05F4F2B8D4E8C00885CC1 = {
						CreatedOnToolsVersion = 14.2;
						TestTargetID = 5EF05F352B8D4E8B00885CC1;
					};
				};
			};
			buildConfigurationList = 5EF05F312B8D4E8B00885CC1 /* Build configuration list for PBXProject "RideShare" */;
			compatibilityVersion = "Xcode 14.0";
			developmentRegion = en;
			hasScannedForEncodings = 0;
			knownRegions = (
				en,
				Base,
			);
			mainGroup = 5EF05F2D2B8D4E8B00885CC1;
			packageReferences = (
				5EE339282BAD2DC30064B3F7 /* XCRemoteSwiftPackageReference "firebase-ios-sdk" */,
				5E3C68042BCCE18F00ED04AB /* XCRemoteSwiftPackageReference "KeychainAccess" */,
			);
			productRefGroup = 5EF05F372B8D4E8B00885CC1 /* Products */;
			projectDirPath = "";
			projectRoot = "";
			targets = (
				5EF05F352B8D4E8B00885CC1 /* RideShare */,
				5EF05F452B8D4E8C00885CC1 /* RideShareTests */,
				5EF05F4F2B8D4E8C00885CC1 /* RideShareUITests */,
			);
		};
/* End PBXProject section */

/* Begin PBXResourcesBuildPhase section */
		5EF05F342B8D4E8B00885CC1 /* Resources */ = {
			isa = PBXResourcesBuildPhase;
			buildActionMask = 2147483647;
			files = (
				5EF05F412B8D4E8C00885CC1 /* Preview Assets.xcassets in Resources */,
				13BDDAEB2BD6FAAF00E572C1 /* GoogleService-Info.plist in Resources */,
				5E4A43EE2BAC9ED700DCB02C /* .gitignore in Resources */,
				5EF05F3E2B8D4E8C00885CC1 /* Assets.xcassets in Resources */,
			);
			runOnlyForDeploymentPostprocessing = 0;
		};
		5EF05F442B8D4E8C00885CC1 /* Resources */ = {
			isa = PBXResourcesBuildPhase;
			buildActionMask = 2147483647;
			files = (
			);
			runOnlyForDeploymentPostprocessing = 0;
		};
		5EF05F4E2B8D4E8C00885CC1 /* Resources */ = {
			isa = PBXResourcesBuildPhase;
			buildActionMask = 2147483647;
			files = (
			);
			runOnlyForDeploymentPostprocessing = 0;
		};
/* End PBXResourcesBuildPhase section */

/* Begin PBXSourcesBuildPhase section */
		5EF05F322B8D4E8B00885CC1 /* Sources */ = {
			isa = PBXSourcesBuildPhase;
			buildActionMask = 2147483647;
			files = (
				5EF05F3C2B8D4E8B00885CC1 /* ContentView.swift in Sources */,
				86858E582BADEE0D00113E4B /* MapView.swift in Sources */,
				866A1F8C2BAC041500EF6663 /* LocationDetail.swift in Sources */,
				5EF05F3A2B8D4E8B00885CC1 /* RideShareApp.swift in Sources */,
				5EC001D52BBA669E0000C8EC /* ImagePickerView.swift in Sources */,
				86858E602BADF36700113E4B /* RidePickerView.swift in Sources */,
				5EF05F712B8D4FF900885CC1 /* Buttons.swift in Sources */,
				5EF05F692B8D4F0D00885CC1 /* UserProfile.swift in Sources */,
				5EC001DA2BBA6AC30000C8EC /* FireStorageManager.swift in Sources */,
				86858E4E2BADED6100113E4B /* SpeedViewModel.swift in Sources */,
				86858E542BADEDD500113E4B /* LocationService.swift in Sources */,
				86858E502BADED9900113E4B /* LocationCell.swift in Sources */,
				86858E522BADEDB700113E4B /* LocationSearchView.swift in Sources */,
				5EC001DC2BBA72190000C8EC /* AsyncImageLoader.swift in Sources */,
				86858E562BADEDF300113E4B /* MapRepresentable.swift in Sources */,
				86858E642BADF7C700113E4B /* ObjectsLocalList.swift in Sources */,
				5EA875B82BB27B26008826C1 /* AuthData.swift in Sources */,
				5EEB89EF2B8E57E100F37097 /* TextFields.swift in Sources */,
				13FF5C032BAE2FD200CE7121 /* Tabvar.swift in Sources */,
				5ED5B0D12BADC88000AEED32 /* ImageViewModel.swift in Sources */,
				13BDDAEF2BD7009B00E572C1 /* Ended_trips.swift in Sources */,
				5E7AD2DA2BADF0EC0001D379 /* FirestoreManager.swift in Sources */,
				5EF05F6F2B8D4F8A00885CC1 /* RegistrationView.swift in Sources */,
				13FF5C092BAE31CD00CE7121 /* ProfileTextFiles.swift in Sources */,
				5EEB89EB2B8E273300F37097 /* LoginView.swift in Sources */,
				86858E4C2BADED3300113E4B /* LocationSearchViewModel.swift in Sources */,
				5ED5B0D52BADC8B000AEED32 /* ProfileView.swift in Sources */,
				13BDDAED2BD6FEAD00E572C1 /* TripView.swift in Sources */,
				86858E5E2BADEE7800113E4B /* SpeedView.swift in Sources */,
				5EA875BA2BB27E71008826C1 /* SessionManager.swift in Sources */,
				5E47E1FB2BAE1197004FFD67 /* NewCarViewModel.swift in Sources */,
				5E8A23312BADB25F008A2B16 /* ForgotPasswordView.swift in Sources */,
				5EEB89ED2B8E275200F37097 /* SignUpView.swift in Sources */,
				5EEB89F12B8E5B5E00F37097 /* SignUpViewModel.swift in Sources */,
				86858E5C2BADEE5F00113E4B /* SearchBarView.swift in Sources */,
				5E47E1FD2BAE1212004FFD67 /* Vehicle.swift in Sources */,
				5ED5B0D32BADC89800AEED32 /* ProfileViewModel.swift in Sources */,
				86858E5A2BADEE4200113E4B /* OptionsButtonView.swift in Sources */,
				5EEB89E92B8E24AC00F37097 /* LoginViewModel.swift in Sources */,
				5E47E1F72BAE06A0004FFD67 /* NewCarView.swift in Sources */,
			);
			runOnlyForDeploymentPostprocessing = 0;
		};
		5EF05F422B8D4E8C00885CC1 /* Sources */ = {
			isa = PBXSourcesBuildPhase;
			buildActionMask = 2147483647;
			files = (
				5EF05F4B2B8D4E8C00885CC1 /* RideShareTests.swift in Sources */,
			);
			runOnlyForDeploymentPostprocessing = 0;
		};
		5EF05F4C2B8D4E8C00885CC1 /* Sources */ = {
			isa = PBXSourcesBuildPhase;
			buildActionMask = 2147483647;
			files = (
				5EF05F572B8D4E8C00885CC1 /* RideShareUITestsLaunchTests.swift in Sources */,
				5EF05F552B8D4E8C00885CC1 /* RideShareUITests.swift in Sources */,
			);
			runOnlyForDeploymentPostprocessing = 0;
		};
/* End PBXSourcesBuildPhase section */

/* Begin PBXTargetDependency section */
		5EF05F482B8D4E8C00885CC1 /* PBXTargetDependency */ = {
			isa = PBXTargetDependency;
			target = 5EF05F352B8D4E8B00885CC1 /* RideShare */;
			targetProxy = 5EF05F472B8D4E8C00885CC1 /* PBXContainerItemProxy */;
		};
		5EF05F522B8D4E8C00885CC1 /* PBXTargetDependency */ = {
			isa = PBXTargetDependency;
			target = 5EF05F352B8D4E8B00885CC1 /* RideShare */;
			targetProxy = 5EF05F512B8D4E8C00885CC1 /* PBXContainerItemProxy */;
		};
/* End PBXTargetDependency section */

/* Begin XCBuildConfiguration section */
		5EF05F582B8D4E8C00885CC1 /* Debug */ = {
			isa = XCBuildConfiguration;
			buildSettings = {
				ALWAYS_SEARCH_USER_PATHS = NO;
				CLANG_ANALYZER_NONNULL = YES;
				CLANG_ANALYZER_NUMBER_OBJECT_CONVERSION = YES_AGGRESSIVE;
				CLANG_CXX_LANGUAGE_STANDARD = "gnu++20";
				CLANG_ENABLE_MODULES = YES;
				CLANG_ENABLE_OBJC_ARC = YES;
				CLANG_ENABLE_OBJC_WEAK = YES;
				CLANG_WARN_BLOCK_CAPTURE_AUTORELEASING = YES;
				CLANG_WARN_BOOL_CONVERSION = YES;
				CLANG_WARN_COMMA = YES;
				CLANG_WARN_CONSTANT_CONVERSION = YES;
				CLANG_WARN_DEPRECATED_OBJC_IMPLEMENTATIONS = YES;
				CLANG_WARN_DIRECT_OBJC_ISA_USAGE = YES_ERROR;
				CLANG_WARN_DOCUMENTATION_COMMENTS = YES;
				CLANG_WARN_EMPTY_BODY = YES;
				CLANG_WARN_ENUM_CONVERSION = YES;
				CLANG_WARN_INFINITE_RECURSION = YES;
				CLANG_WARN_INT_CONVERSION = YES;
				CLANG_WARN_NON_LITERAL_NULL_CONVERSION = YES;
				CLANG_WARN_OBJC_IMPLICIT_RETAIN_SELF = YES;
				CLANG_WARN_OBJC_LITERAL_CONVERSION = YES;
				CLANG_WARN_OBJC_ROOT_CLASS = YES_ERROR;
				CLANG_WARN_QUOTED_INCLUDE_IN_FRAMEWORK_HEADER = YES;
				CLANG_WARN_RANGE_LOOP_ANALYSIS = YES;
				CLANG_WARN_STRICT_PROTOTYPES = YES;
				CLANG_WARN_SUSPICIOUS_MOVE = YES;
				CLANG_WARN_UNGUARDED_AVAILABILITY = YES_AGGRESSIVE;
				CLANG_WARN_UNREACHABLE_CODE = YES;
				CLANG_WARN__DUPLICATE_METHOD_MATCH = YES;
				COPY_PHASE_STRIP = NO;
				DEBUG_INFORMATION_FORMAT = dwarf;
				ENABLE_STRICT_OBJC_MSGSEND = YES;
				ENABLE_TESTABILITY = YES;
				GCC_C_LANGUAGE_STANDARD = gnu11;
				GCC_DYNAMIC_NO_PIC = NO;
				GCC_NO_COMMON_BLOCKS = YES;
				GCC_OPTIMIZATION_LEVEL = 0;
				GCC_PREPROCESSOR_DEFINITIONS = (
					"DEBUG=1",
					"$(inherited)",
				);
				GCC_WARN_64_TO_32_BIT_CONVERSION = YES;
				GCC_WARN_ABOUT_RETURN_TYPE = YES_ERROR;
				GCC_WARN_UNDECLARED_SELECTOR = YES;
				GCC_WARN_UNINITIALIZED_AUTOS = YES_AGGRESSIVE;
				GCC_WARN_UNUSED_FUNCTION = YES;
				GCC_WARN_UNUSED_VARIABLE = YES;
				IPHONEOS_DEPLOYMENT_TARGET = 17.0;
				MTL_ENABLE_DEBUG_INFO = INCLUDE_SOURCE;
				MTL_FAST_MATH = YES;
				ONLY_ACTIVE_ARCH = YES;
				SDKROOT = iphoneos;
				SWIFT_ACTIVE_COMPILATION_CONDITIONS = DEBUG;
				SWIFT_OPTIMIZATION_LEVEL = "-Onone";
			};
			name = Debug;
		};
		5EF05F592B8D4E8C00885CC1 /* Release */ = {
			isa = XCBuildConfiguration;
			buildSettings = {
				ALWAYS_SEARCH_USER_PATHS = NO;
				CLANG_ANALYZER_NONNULL = YES;
				CLANG_ANALYZER_NUMBER_OBJECT_CONVERSION = YES_AGGRESSIVE;
				CLANG_CXX_LANGUAGE_STANDARD = "gnu++20";
				CLANG_ENABLE_MODULES = YES;
				CLANG_ENABLE_OBJC_ARC = YES;
				CLANG_ENABLE_OBJC_WEAK = YES;
				CLANG_WARN_BLOCK_CAPTURE_AUTORELEASING = YES;
				CLANG_WARN_BOOL_CONVERSION = YES;
				CLANG_WARN_COMMA = YES;
				CLANG_WARN_CONSTANT_CONVERSION = YES;
				CLANG_WARN_DEPRECATED_OBJC_IMPLEMENTATIONS = YES;
				CLANG_WARN_DIRECT_OBJC_ISA_USAGE = YES_ERROR;
				CLANG_WARN_DOCUMENTATION_COMMENTS = YES;
				CLANG_WARN_EMPTY_BODY = YES;
				CLANG_WARN_ENUM_CONVERSION = YES;
				CLANG_WARN_INFINITE_RECURSION = YES;
				CLANG_WARN_INT_CONVERSION = YES;
				CLANG_WARN_NON_LITERAL_NULL_CONVERSION = YES;
				CLANG_WARN_OBJC_IMPLICIT_RETAIN_SELF = YES;
				CLANG_WARN_OBJC_LITERAL_CONVERSION = YES;
				CLANG_WARN_OBJC_ROOT_CLASS = YES_ERROR;
				CLANG_WARN_QUOTED_INCLUDE_IN_FRAMEWORK_HEADER = YES;
				CLANG_WARN_RANGE_LOOP_ANALYSIS = YES;
				CLANG_WARN_STRICT_PROTOTYPES = YES;
				CLANG_WARN_SUSPICIOUS_MOVE = YES;
				CLANG_WARN_UNGUARDED_AVAILABILITY = YES_AGGRESSIVE;
				CLANG_WARN_UNREACHABLE_CODE = YES;
				CLANG_WARN__DUPLICATE_METHOD_MATCH = YES;
				COPY_PHASE_STRIP = NO;
				DEBUG_INFORMATION_FORMAT = "dwarf-with-dsym";
				ENABLE_NS_ASSERTIONS = NO;
				ENABLE_STRICT_OBJC_MSGSEND = YES;
				GCC_C_LANGUAGE_STANDARD = gnu11;
				GCC_NO_COMMON_BLOCKS = YES;
				GCC_WARN_64_TO_32_BIT_CONVERSION = YES;
				GCC_WARN_ABOUT_RETURN_TYPE = YES_ERROR;
				GCC_WARN_UNDECLARED_SELECTOR = YES;
				GCC_WARN_UNINITIALIZED_AUTOS = YES_AGGRESSIVE;
				GCC_WARN_UNUSED_FUNCTION = YES;
				GCC_WARN_UNUSED_VARIABLE = YES;
				IPHONEOS_DEPLOYMENT_TARGET = 17.0;
				MTL_ENABLE_DEBUG_INFO = NO;
				MTL_FAST_MATH = YES;
				SDKROOT = iphoneos;
				SWIFT_COMPILATION_MODE = wholemodule;
				SWIFT_OPTIMIZATION_LEVEL = "-O";
				VALIDATE_PRODUCT = YES;
			};
			name = Release;
		};
		5EF05F5B2B8D4E8C00885CC1 /* Debug */ = {
			isa = XCBuildConfiguration;
			buildSettings = {
				ASSETCATALOG_COMPILER_APPICON_NAME = AppIcon;
				ASSETCATALOG_COMPILER_GLOBAL_ACCENT_COLOR_NAME = AccentColor;
				CODE_SIGN_STYLE = Automatic;
				CURRENT_PROJECT_VERSION = 1;
				DEVELOPMENT_ASSET_PATHS = "\"RideShare/Preview Content\"";
				DEVELOPMENT_TEAM = 3L3R79WHCG;
				ENABLE_PREVIEWS = YES;
				GENERATE_INFOPLIST_FILE = YES;
				INFOPLIST_FILE = RideShare/Info.plist;
				INFOPLIST_KEY_NSCameraUsageDescription = "Permitir usar la cámara";
				INFOPLIST_KEY_NSFaceIDUsageDescription = "FaceID to grant access";
				INFOPLIST_KEY_NSLocationWhenInUseUsageDescription = "Allow me to use your location while you use the app";
				INFOPLIST_KEY_UIApplicationSceneManifest_Generation = YES;
				INFOPLIST_KEY_UIApplicationSupportsIndirectInputEvents = YES;
				INFOPLIST_KEY_UILaunchScreen_Generation = YES;
				INFOPLIST_KEY_UISupportedInterfaceOrientations_iPad = "UIInterfaceOrientationPortrait UIInterfaceOrientationPortraitUpsideDown UIInterfaceOrientationLandscapeLeft UIInterfaceOrientationLandscapeRight";
				INFOPLIST_KEY_UISupportedInterfaceOrientations_iPhone = "UIInterfaceOrientationPortrait UIInterfaceOrientationLandscapeLeft UIInterfaceOrientationLandscapeRight";
				INFOPLIST_KEY_UIUserInterfaceStyle = Light;
				IPHONEOS_DEPLOYMENT_TARGET = 17.0;
				LD_RUNPATH_SEARCH_PATHS = (
					"$(inherited)",
					"@executable_path/Frameworks",
				);
				MARKETING_VERSION = 1.0;
				PRODUCT_BUNDLE_IDENTIFIER = com.jp.junco.Moviles.RideShareV2;
				PRODUCT_NAME = "$(TARGET_NAME)";
				SWIFT_EMIT_LOC_STRINGS = YES;
				SWIFT_VERSION = 5.0;
				TARGETED_DEVICE_FAMILY = "1,2";
			};
			name = Debug;
		};
		5EF05F5C2B8D4E8C00885CC1 /* Release */ = {
			isa = XCBuildConfiguration;
			buildSettings = {
				ASSETCATALOG_COMPILER_APPICON_NAME = AppIcon;
				ASSETCATALOG_COMPILER_GLOBAL_ACCENT_COLOR_NAME = AccentColor;
				CODE_SIGN_STYLE = Automatic;
				CURRENT_PROJECT_VERSION = 1;
				DEVELOPMENT_ASSET_PATHS = "\"RideShare/Preview Content\"";
				DEVELOPMENT_TEAM = 3L3R79WHCG;
				ENABLE_PREVIEWS = YES;
				GENERATE_INFOPLIST_FILE = YES;
				INFOPLIST_FILE = RideShare/Info.plist;
				INFOPLIST_KEY_NSCameraUsageDescription = "Permitir usar la cámara";
				INFOPLIST_KEY_NSFaceIDUsageDescription = "FaceID to grant access";
				INFOPLIST_KEY_NSLocationWhenInUseUsageDescription = "Allow me to use your location while you use the app";
				INFOPLIST_KEY_UIApplicationSceneManifest_Generation = YES;
				INFOPLIST_KEY_UIApplicationSupportsIndirectInputEvents = YES;
				INFOPLIST_KEY_UILaunchScreen_Generation = YES;
				INFOPLIST_KEY_UISupportedInterfaceOrientations_iPad = "UIInterfaceOrientationPortrait UIInterfaceOrientationPortraitUpsideDown UIInterfaceOrientationLandscapeLeft UIInterfaceOrientationLandscapeRight";
				INFOPLIST_KEY_UISupportedInterfaceOrientations_iPhone = "UIInterfaceOrientationPortrait UIInterfaceOrientationLandscapeLeft UIInterfaceOrientationLandscapeRight";
				INFOPLIST_KEY_UIUserInterfaceStyle = Light;
				IPHONEOS_DEPLOYMENT_TARGET = 17.0;
				LD_RUNPATH_SEARCH_PATHS = (
					"$(inherited)",
					"@executable_path/Frameworks",
				);
				MARKETING_VERSION = 1.0;
				PRODUCT_BUNDLE_IDENTIFIER = com.jp.junco.Moviles.RideShareV2;
				PRODUCT_NAME = "$(TARGET_NAME)";
				SWIFT_EMIT_LOC_STRINGS = YES;
				SWIFT_VERSION = 5.0;
				TARGETED_DEVICE_FAMILY = "1,2";
			};
			name = Release;
		};
		5EF05F5E2B8D4E8C00885CC1 /* Debug */ = {
			isa = XCBuildConfiguration;
			buildSettings = {
				ALWAYS_EMBED_SWIFT_STANDARD_LIBRARIES = YES;
				BUNDLE_LOADER = "$(TEST_HOST)";
				CODE_SIGN_STYLE = Automatic;
				CURRENT_PROJECT_VERSION = 1;
				GENERATE_INFOPLIST_FILE = YES;
				IPHONEOS_DEPLOYMENT_TARGET = 17.0;
				MARKETING_VERSION = 1.0;
				PRODUCT_BUNDLE_IDENTIFIER = com.Moviles.RideShareTests;
				PRODUCT_NAME = "$(TARGET_NAME)";
				SWIFT_EMIT_LOC_STRINGS = NO;
				SWIFT_VERSION = 5.0;
				TARGETED_DEVICE_FAMILY = "1,2";
				TEST_HOST = "$(BUILT_PRODUCTS_DIR)/RideShare.app/$(BUNDLE_EXECUTABLE_FOLDER_PATH)/RideShare";
			};
			name = Debug;
		};
		5EF05F5F2B8D4E8C00885CC1 /* Release */ = {
			isa = XCBuildConfiguration;
			buildSettings = {
				ALWAYS_EMBED_SWIFT_STANDARD_LIBRARIES = YES;
				BUNDLE_LOADER = "$(TEST_HOST)";
				CODE_SIGN_STYLE = Automatic;
				CURRENT_PROJECT_VERSION = 1;
				GENERATE_INFOPLIST_FILE = YES;
				IPHONEOS_DEPLOYMENT_TARGET = 17.0;
				MARKETING_VERSION = 1.0;
				PRODUCT_BUNDLE_IDENTIFIER = com.Moviles.RideShareTests;
				PRODUCT_NAME = "$(TARGET_NAME)";
				SWIFT_EMIT_LOC_STRINGS = NO;
				SWIFT_VERSION = 5.0;
				TARGETED_DEVICE_FAMILY = "1,2";
				TEST_HOST = "$(BUILT_PRODUCTS_DIR)/RideShare.app/$(BUNDLE_EXECUTABLE_FOLDER_PATH)/RideShare";
			};
			name = Release;
		};
		5EF05F612B8D4E8C00885CC1 /* Debug */ = {
			isa = XCBuildConfiguration;
			buildSettings = {
				ALWAYS_EMBED_SWIFT_STANDARD_LIBRARIES = YES;
				CODE_SIGN_STYLE = Automatic;
				CURRENT_PROJECT_VERSION = 1;
				GENERATE_INFOPLIST_FILE = YES;
				MARKETING_VERSION = 1.0;
				PRODUCT_BUNDLE_IDENTIFIER = com.Moviles.RideShareUITests;
				PRODUCT_NAME = "$(TARGET_NAME)";
				SWIFT_EMIT_LOC_STRINGS = NO;
				SWIFT_VERSION = 5.0;
				TARGETED_DEVICE_FAMILY = "1,2";
				TEST_TARGET_NAME = RideShare;
			};
			name = Debug;
		};
		5EF05F622B8D4E8C00885CC1 /* Release */ = {
			isa = XCBuildConfiguration;
			buildSettings = {
				ALWAYS_EMBED_SWIFT_STANDARD_LIBRARIES = YES;
				CODE_SIGN_STYLE = Automatic;
				CURRENT_PROJECT_VERSION = 1;
				GENERATE_INFOPLIST_FILE = YES;
				MARKETING_VERSION = 1.0;
				PRODUCT_BUNDLE_IDENTIFIER = com.Moviles.RideShareUITests;
				PRODUCT_NAME = "$(TARGET_NAME)";
				SWIFT_EMIT_LOC_STRINGS = NO;
				SWIFT_VERSION = 5.0;
				TARGETED_DEVICE_FAMILY = "1,2";
				TEST_TARGET_NAME = RideShare;
			};
			name = Release;
		};
/* End XCBuildConfiguration section */

/* Begin XCConfigurationList section */
		5EF05F312B8D4E8B00885CC1 /* Build configuration list for PBXProject "RideShare" */ = {
			isa = XCConfigurationList;
			buildConfigurations = (
				5EF05F582B8D4E8C00885CC1 /* Debug */,
				5EF05F592B8D4E8C00885CC1 /* Release */,
			);
			defaultConfigurationIsVisible = 0;
			defaultConfigurationName = Release;
		};
		5EF05F5A2B8D4E8C00885CC1 /* Build configuration list for PBXNativeTarget "RideShare" */ = {
			isa = XCConfigurationList;
			buildConfigurations = (
				5EF05F5B2B8D4E8C00885CC1 /* Debug */,
				5EF05F5C2B8D4E8C00885CC1 /* Release */,
			);
			defaultConfigurationIsVisible = 0;
			defaultConfigurationName = Release;
		};
		5EF05F5D2B8D4E8C00885CC1 /* Build configuration list for PBXNativeTarget "RideShareTests" */ = {
			isa = XCConfigurationList;
			buildConfigurations = (
				5EF05F5E2B8D4E8C00885CC1 /* Debug */,
				5EF05F5F2B8D4E8C00885CC1 /* Release */,
			);
			defaultConfigurationIsVisible = 0;
			defaultConfigurationName = Release;
		};
		5EF05F602B8D4E8C00885CC1 /* Build configuration list for PBXNativeTarget "RideShareUITests" */ = {
			isa = XCConfigurationList;
			buildConfigurations = (
				5EF05F612B8D4E8C00885CC1 /* Debug */,
				5EF05F622B8D4E8C00885CC1 /* Release */,
			);
			defaultConfigurationIsVisible = 0;
			defaultConfigurationName = Release;
		};
/* End XCConfigurationList section */

/* Begin XCRemoteSwiftPackageReference section */
		5E3C68042BCCE18F00ED04AB /* XCRemoteSwiftPackageReference "KeychainAccess" */ = {
			isa = XCRemoteSwiftPackageReference;
			repositoryURL = "https://github.com/kishikawakatsumi/KeychainAccess.git";
			requirement = {
				branch = master;
				kind = branch;
			};
		};
		5EE339282BAD2DC30064B3F7 /* XCRemoteSwiftPackageReference "firebase-ios-sdk" */ = {
			isa = XCRemoteSwiftPackageReference;
			repositoryURL = "https://github.com/firebase/firebase-ios-sdk";
			requirement = {
				kind = upToNextMajorVersion;
				minimumVersion = 10.23.0;
			};
		};
/* End XCRemoteSwiftPackageReference section */

/* Begin XCSwiftPackageProductDependency section */
		5E3C68052BCCE1A200ED04AB /* KeychainAccess */ = {
			isa = XCSwiftPackageProductDependency;
			package = 5E3C68042BCCE18F00ED04AB /* XCRemoteSwiftPackageReference "KeychainAccess" */;
			productName = KeychainAccess;
		};
		5E7AD2D72BADF0CD0001D379 /* FirebaseFirestore */ = {
			isa = XCSwiftPackageProductDependency;
			package = 5EE339282BAD2DC30064B3F7 /* XCRemoteSwiftPackageReference "firebase-ios-sdk" */;
			productName = FirebaseFirestore;
		};
		5E7AD2DB2BADFEB40001D379 /* FirebaseFirestoreSwift */ = {
			isa = XCSwiftPackageProductDependency;
			package = 5EE339282BAD2DC30064B3F7 /* XCRemoteSwiftPackageReference "firebase-ios-sdk" */;
			productName = FirebaseFirestoreSwift;
		};
		5E7AD2DD2BADFF120001D379 /* FirebaseDatabase */ = {
			isa = XCSwiftPackageProductDependency;
			package = 5EE339282BAD2DC30064B3F7 /* XCRemoteSwiftPackageReference "firebase-ios-sdk" */;
			productName = FirebaseDatabase;
		};
		5E7AD2DF2BADFF240001D379 /* FirebaseAuth */ = {
			isa = XCSwiftPackageProductDependency;
			package = 5EE339282BAD2DC30064B3F7 /* XCRemoteSwiftPackageReference "firebase-ios-sdk" */;
			productName = FirebaseAuth;
		};
		5EC001D72BBA69C80000C8EC /* FirebaseStorage */ = {
			isa = XCSwiftPackageProductDependency;
			package = 5EE339282BAD2DC30064B3F7 /* XCRemoteSwiftPackageReference "firebase-ios-sdk" */;
			productName = FirebaseStorage;
		};
/* End XCSwiftPackageProductDependency section */
	};
	rootObject = 5EF05F2E2B8D4E8B00885CC1 /* Project object */;
}
